PODS:
  - FeedKit (7.0.1)
  - GRDB.swift (2.4.1)
  - MASPreferences (1.3)

DEPENDENCIES:
  - FeedKit (from `https://github.com/CD1212/FeedKit.git`)
  - GRDB.swift
  - MASPreferences

EXTERNAL SOURCES:
  FeedKit:
    :git: https://github.com/CD1212/FeedKit.git

CHECKOUT OPTIONS:
  FeedKit:
    :commit: ebac2773014d88a14ee8cd8a8ff78332ca763592
    :git: https://github.com/CD1212/FeedKit.git

SPEC CHECKSUMS:
  FeedKit: c62e463a37f51b991b05ad0d74e217c1a59e7a2a
  GRDB.swift: 2c984d506b75b48c9d2dad43c77605fa9e9593b8
  MASPreferences: c08b8622dd17b47da87669e741efd7c92e970e8c

PODFILE CHECKSUM: 35c144e40b3aa60f681ea3c6f751e84e72a72883

COCOAPODS: 1.3.1
