PODS:
  - FeedKit (9.1.2)
  - GRDB.swift (5.17.0):
    - GRDB.swift/standard (= 5.17.0)
  - GRDB.swift/standard (5.17.0)
  - MASPreferences (1.3)
  - Sparkle (1.27.1)

DEPENDENCIES:
  - FeedKit (= 9.1.2)
  - GRDB.swift (= 5.17.0)
  - MASPreferences (from `https://github.com/shpakovski/MASPreferences.git`, commit `135869c`)
  - Sparkle (= 1.27.1)

SPEC REPOS:
  trunk:
    - FeedKit
    - GRDB.swift
    - Sparkle

EXTERNAL SOURCES:
  MASPreferences:
    :commit: 135869c
    :git: https://github.com/shpakovski/MASPreferences.git

CHECKOUT OPTIONS:
  MASPreferences:
    :commit: 135869c
    :git: https://github.com/shpakovski/MASPreferences.git

SPEC CHECKSUMS:
  FeedKit: 71653273ab08e618cd6fd1301ca08fc02dca6a9e
  GRDB.swift: 1c8a479b2723beab39ed8609fe25513483a0f282
  MASPreferences: f5cf4c3f91714fcb4e1ce21b7002880353fe7c5e
  Sparkle: 23f98b268284c8c03e6228230fc8f1807ef041d5

PODFILE CHECKSUM: 0b464282dec6fd43ebd277f4b7c863210e357597

COCOAPODS: 1.11.2
