// !$*UTF8*$!
{
	archiveVersion = 1;
	classes = {
	};
	objectVersion = 48;
	objects = {

/* Begin PBXBuildFile section */
		1D7B5D7B127AE8F635350D7F /* Pods_DoughnutTests.framework in Frameworks */ = {isa = PBXBuildFile; fileRef = 558EE5E875BAF91152803575 /* Pods_DoughnutTests.framework */; };
		2AB07BF789841271ED80EA26 /* Pods_DoughnutUITests.framework in Frameworks */ = {isa = PBXBuildFile; fileRef = 25D4796441E8F7922FCDAF9A /* Pods_DoughnutUITests.framework */; };
		4125A143137AD05319B3DEFC /* Pods_Doughnut.framework in Frameworks */ = {isa = PBXBuildFile; fileRef = 2661E19A57B17099FC4ECCDD /* Pods_Doughnut.framework */; };
		830B159B1F7B97910086C121 /* PodcastCellView.swift in Sources */ = {isa = PBXBuildFile; fileRef = 830B159A1F7B97910086C121 /* PodcastCellView.swift */; };
		832A04341F76EBDC00C92D25 /* WindowController.swift in Sources */ = {isa = PBXBuildFile; fileRef = 832A04331F76EBDC00C92D25 /* WindowController.swift */; };
		832FF90B1F8D60430065E593 /* DownloadManager.swift in Sources */ = {isa = PBXBuildFile; fileRef = 832FF90A1F8D60430065E593 /* DownloadManager.swift */; };
		8335D48C1F856E120060D8D8 /* ValidFeedx3.xml in Resources */ = {isa = PBXBuildFile; fileRef = 8335D48B1F856E120060D8D8 /* ValidFeedx3.xml */; };
		8335D48D1F8571150060D8D8 /* enclosure.mp3 in Resources */ = {isa = PBXBuildFile; fileRef = 83D4CA5B1F7C3848002EDC36 /* enclosure.mp3 */; };
		8335F3AF1F90B5F700722DBC /* LibrarySpyDelegate.swift in Sources */ = {isa = PBXBuildFile; fileRef = 8335F3AE1F90B5F700722DBC /* LibrarySpyDelegate.swift */; };
		8335F3B11F90B63F00722DBC /* LibraryTestsWithSubscription.swift in Sources */ = {isa = PBXBuildFile; fileRef = 8335F3B01F90B63F00722DBC /* LibraryTestsWithSubscription.swift */; };
		8341B8391F7BE4F100B50A5D /* Preference.swift in Sources */ = {isa = PBXBuildFile; fileRef = 8341B8381F7BE4F100B50A5D /* Preference.swift */; };
		8341B83B1F7BEB0500B50A5D /* Migrations.swift in Sources */ = {isa = PBXBuildFile; fileRef = 8341B83A1F7BEB0500B50A5D /* Migrations.swift */; };
		8343426A1F802C1400913C0B /* EpisodeFilterViewController.swift in Sources */ = {isa = PBXBuildFile; fileRef = 834342691F802C1400913C0B /* EpisodeFilterViewController.swift */; };
		83659AB81F7D8A0300E09833 /* Podcast.swift in Sources */ = {isa = PBXBuildFile; fileRef = 83659AB71F7D8A0300E09833 /* Podcast.swift */; };
		83659AB91F7DA17500E09833 /* Podcast.swift in Sources */ = {isa = PBXBuildFile; fileRef = 83659AB71F7D8A0300E09833 /* Podcast.swift */; };
		83667DF01F76D20C00F1ABC0 /* PodcastViewController.swift in Sources */ = {isa = PBXBuildFile; fileRef = 83667DEF1F76D20C00F1ABC0 /* PodcastViewController.swift */; };
		83667DF21F76D21900F1ABC0 /* EpisodeViewController.swift in Sources */ = {isa = PBXBuildFile; fileRef = 83667DF11F76D21900F1ABC0 /* EpisodeViewController.swift */; };
		83667DF41F76D22600F1ABC0 /* DetailViewController.swift in Sources */ = {isa = PBXBuildFile; fileRef = 83667DF31F76D22600F1ABC0 /* DetailViewController.swift */; };
		837068131F7BBD63007FE973 /* EpisodeCellView.swift in Sources */ = {isa = PBXBuildFile; fileRef = 837068121F7BBD63007FE973 /* EpisodeCellView.swift */; };
		8379899B1F81616C00234577 /* SeekSlider.swift in Sources */ = {isa = PBXBuildFile; fileRef = 8379899A1F81616C00234577 /* SeekSlider.swift */; };
		837D52BE1F8E622200C17514 /* DownloadsViewController.swift in Sources */ = {isa = PBXBuildFile; fileRef = 837D52BD1F8E622200C17514 /* DownloadsViewController.swift */; };
		837D52C01F8E683200C17514 /* DownloadCellView.swift in Sources */ = {isa = PBXBuildFile; fileRef = 837D52BF1F8E683200C17514 /* DownloadCellView.swift */; };
		838257CE1F759F6F00DB4FD1 /* AppDelegate.swift in Sources */ = {isa = PBXBuildFile; fileRef = 838257CD1F759F6F00DB4FD1 /* AppDelegate.swift */; };
		838257D01F759F6F00DB4FD1 /* ViewController.swift in Sources */ = {isa = PBXBuildFile; fileRef = 838257CF1F759F6F00DB4FD1 /* ViewController.swift */; };
		838257D21F759F6F00DB4FD1 /* Assets.xcassets in Resources */ = {isa = PBXBuildFile; fileRef = 838257D11F759F6F00DB4FD1 /* Assets.xcassets */; };
		838257D51F759F6F00DB4FD1 /* Main.storyboard in Resources */ = {isa = PBXBuildFile; fileRef = 838257D31F759F6F00DB4FD1 /* Main.storyboard */; };
		838257E11F759F6F00DB4FD1 /* DoughnutTests.swift in Sources */ = {isa = PBXBuildFile; fileRef = 838257E01F759F6F00DB4FD1 /* DoughnutTests.swift */; };
		838257EC1F759F6F00DB4FD1 /* DoughnutUITests.swift in Sources */ = {isa = PBXBuildFile; fileRef = 838257EB1F759F6F00DB4FD1 /* DoughnutUITests.swift */; };
		8397B9D11F8FC64D00C92AE6 /* DownloadManager.swift in Sources */ = {isa = PBXBuildFile; fileRef = 832FF90A1F8D60430065E593 /* DownloadManager.swift */; };
		83D4CA561F7C36DE002EDC36 /* LibraryTestsWithoutSubscriptions.swift in Sources */ = {isa = PBXBuildFile; fileRef = 83D4CA551F7C36DE002EDC36 /* LibraryTestsWithoutSubscriptions.swift */; };
		83D4CA5A1F7C3779002EDC36 /* ValidFeed.xml in Resources */ = {isa = PBXBuildFile; fileRef = 83D4CA591F7C3779002EDC36 /* ValidFeed.xml */; };
		83D4CA5D1F7C3902002EDC36 /* LibraryTestCase.swift in Sources */ = {isa = PBXBuildFile; fileRef = 83D4CA5C1F7C3902002EDC36 /* LibraryTestCase.swift */; };
		83D4CA5E1F7C3988002EDC36 /* Library.swift in Sources */ = {isa = PBXBuildFile; fileRef = 83FB4EB71F7BD9A1001CD842 /* Library.swift */; };
		83D4CA5F1F7C39A4002EDC36 /* Preference.swift in Sources */ = {isa = PBXBuildFile; fileRef = 8341B8381F7BE4F100B50A5D /* Preference.swift */; };
		83D4CA611F7C39AD002EDC36 /* Migrations.swift in Sources */ = {isa = PBXBuildFile; fileRef = 8341B83A1F7BEB0500B50A5D /* Migrations.swift */; };
		83D59CF71F7ED15C00F25A66 /* Episode.swift in Sources */ = {isa = PBXBuildFile; fileRef = 83D59CF61F7ED15C00F25A66 /* Episode.swift */; };
		83D59CF81F7ED15F00F25A66 /* Episode.swift in Sources */ = {isa = PBXBuildFile; fileRef = 83D59CF61F7ED15C00F25A66 /* Episode.swift */; };
		83D9710A1F812B270091822A /* Player.swift in Sources */ = {isa = PBXBuildFile; fileRef = 83D971091F812B270091822A /* Player.swift */; };
		83D9710C1F812E910091822A /* PlayerView.swift in Sources */ = {isa = PBXBuildFile; fileRef = 83D9710B1F812E910091822A /* PlayerView.swift */; };
		83DB16DC1F93E34B0062B266 /* Utils.swift in Sources */ = {isa = PBXBuildFile; fileRef = 83DB16DB1F93E34B0062B266 /* Utils.swift */; };
		83DB16DE1F93F1CE0062B266 /* LibraryUtils.swift in Sources */ = {isa = PBXBuildFile; fileRef = 83DB16DD1F93F1CE0062B266 /* LibraryUtils.swift */; };
		83DB16DF1F93F1E40062B266 /* Utils.swift in Sources */ = {isa = PBXBuildFile; fileRef = 83DB16DB1F93E34B0062B266 /* Utils.swift */; };
		83DB16E11F93FB460062B266 /* SubscribeViewController.swift in Sources */ = {isa = PBXBuildFile; fileRef = 83DB16E01F93FB460062B266 /* SubscribeViewController.swift */; };
		83FB4EB81F7BD9A1001CD842 /* Library.swift in Sources */ = {isa = PBXBuildFile; fileRef = 83FB4EB71F7BD9A1001CD842 /* Library.swift */; };
/* End PBXBuildFile section */

/* Begin PBXContainerItemProxy section */
		838257DD1F759F6F00DB4FD1 /* PBXContainerItemProxy */ = {
			isa = PBXContainerItemProxy;
			containerPortal = 838257C21F759F6F00DB4FD1 /* Project object */;
			proxyType = 1;
			remoteGlobalIDString = 838257C91F759F6F00DB4FD1;
			remoteInfo = Doughnut;
		};
		838257E81F759F6F00DB4FD1 /* PBXContainerItemProxy */ = {
			isa = PBXContainerItemProxy;
			containerPortal = 838257C21F759F6F00DB4FD1 /* Project object */;
			proxyType = 1;
			remoteGlobalIDString = 838257C91F759F6F00DB4FD1;
			remoteInfo = Doughnut;
		};
/* End PBXContainerItemProxy section */

/* Begin PBXFileReference section */
		25D4796441E8F7922FCDAF9A /* Pods_DoughnutUITests.framework */ = {isa = PBXFileReference; explicitFileType = wrapper.framework; includeInIndex = 0; path = Pods_DoughnutUITests.framework; sourceTree = BUILT_PRODUCTS_DIR; };
		2661E19A57B17099FC4ECCDD /* Pods_Doughnut.framework */ = {isa = PBXFileReference; explicitFileType = wrapper.framework; includeInIndex = 0; path = Pods_Doughnut.framework; sourceTree = BUILT_PRODUCTS_DIR; };
		368B5540FC7D1B6258BCF776 /* Pods-DoughnutUITests.debug.xcconfig */ = {isa = PBXFileReference; includeInIndex = 1; lastKnownFileType = text.xcconfig; name = "Pods-DoughnutUITests.debug.xcconfig"; path = "Pods/Target Support Files/Pods-DoughnutUITests/Pods-DoughnutUITests.debug.xcconfig"; sourceTree = "<group>"; };
		558EE5E875BAF91152803575 /* Pods_DoughnutTests.framework */ = {isa = PBXFileReference; explicitFileType = wrapper.framework; includeInIndex = 0; path = Pods_DoughnutTests.framework; sourceTree = BUILT_PRODUCTS_DIR; };
		5E1DC050EEE121FD033C44DF /* Pods-Doughnut.debug.xcconfig */ = {isa = PBXFileReference; includeInIndex = 1; lastKnownFileType = text.xcconfig; name = "Pods-Doughnut.debug.xcconfig"; path = "Pods/Target Support Files/Pods-Doughnut/Pods-Doughnut.debug.xcconfig"; sourceTree = "<group>"; };
		830B159A1F7B97910086C121 /* PodcastCellView.swift */ = {isa = PBXFileReference; lastKnownFileType = sourcecode.swift; path = PodcastCellView.swift; sourceTree = "<group>"; };
		832A04331F76EBDC00C92D25 /* WindowController.swift */ = {isa = PBXFileReference; lastKnownFileType = sourcecode.swift; path = WindowController.swift; sourceTree = "<group>"; };
		832FF90A1F8D60430065E593 /* DownloadManager.swift */ = {isa = PBXFileReference; lastKnownFileType = sourcecode.swift; path = DownloadManager.swift; sourceTree = "<group>"; };
		8335D48B1F856E120060D8D8 /* ValidFeedx3.xml */ = {isa = PBXFileReference; lastKnownFileType = text.xml; path = ValidFeedx3.xml; sourceTree = "<group>"; };
		8335F3AE1F90B5F700722DBC /* LibrarySpyDelegate.swift */ = {isa = PBXFileReference; lastKnownFileType = sourcecode.swift; path = LibrarySpyDelegate.swift; sourceTree = "<group>"; };
		8335F3B01F90B63F00722DBC /* LibraryTestsWithSubscription.swift */ = {isa = PBXFileReference; lastKnownFileType = sourcecode.swift; path = LibraryTestsWithSubscription.swift; sourceTree = "<group>"; };
		8341B8381F7BE4F100B50A5D /* Preference.swift */ = {isa = PBXFileReference; lastKnownFileType = sourcecode.swift; path = Preference.swift; sourceTree = "<group>"; };
		8341B83A1F7BEB0500B50A5D /* Migrations.swift */ = {isa = PBXFileReference; lastKnownFileType = sourcecode.swift; path = Migrations.swift; sourceTree = "<group>"; };
		834342691F802C1400913C0B /* EpisodeFilterViewController.swift */ = {isa = PBXFileReference; lastKnownFileType = sourcecode.swift; path = EpisodeFilterViewController.swift; sourceTree = "<group>"; };
		83659AB71F7D8A0300E09833 /* Podcast.swift */ = {isa = PBXFileReference; lastKnownFileType = sourcecode.swift; path = Podcast.swift; sourceTree = "<group>"; };
		83667DEF1F76D20C00F1ABC0 /* PodcastViewController.swift */ = {isa = PBXFileReference; lastKnownFileType = sourcecode.swift; path = PodcastViewController.swift; sourceTree = "<group>"; };
		83667DF11F76D21900F1ABC0 /* EpisodeViewController.swift */ = {isa = PBXFileReference; lastKnownFileType = sourcecode.swift; path = EpisodeViewController.swift; sourceTree = "<group>"; };
		83667DF31F76D22600F1ABC0 /* DetailViewController.swift */ = {isa = PBXFileReference; lastKnownFileType = sourcecode.swift; path = DetailViewController.swift; sourceTree = "<group>"; };
		837068121F7BBD63007FE973 /* EpisodeCellView.swift */ = {isa = PBXFileReference; lastKnownFileType = sourcecode.swift; path = EpisodeCellView.swift; sourceTree = "<group>"; };
		8379899A1F81616C00234577 /* SeekSlider.swift */ = {isa = PBXFileReference; lastKnownFileType = sourcecode.swift; path = SeekSlider.swift; sourceTree = "<group>"; };
		837D52BD1F8E622200C17514 /* DownloadsViewController.swift */ = {isa = PBXFileReference; lastKnownFileType = sourcecode.swift; path = DownloadsViewController.swift; sourceTree = "<group>"; };
		837D52BF1F8E683200C17514 /* DownloadCellView.swift */ = {isa = PBXFileReference; lastKnownFileType = sourcecode.swift; path = DownloadCellView.swift; sourceTree = "<group>"; };
		838257CA1F759F6F00DB4FD1 /* Doughnut.app */ = {isa = PBXFileReference; explicitFileType = wrapper.application; includeInIndex = 0; path = Doughnut.app; sourceTree = BUILT_PRODUCTS_DIR; };
		838257CD1F759F6F00DB4FD1 /* AppDelegate.swift */ = {isa = PBXFileReference; lastKnownFileType = sourcecode.swift; path = AppDelegate.swift; sourceTree = "<group>"; };
		838257CF1F759F6F00DB4FD1 /* ViewController.swift */ = {isa = PBXFileReference; lastKnownFileType = sourcecode.swift; path = ViewController.swift; sourceTree = "<group>"; };
		838257D11F759F6F00DB4FD1 /* Assets.xcassets */ = {isa = PBXFileReference; lastKnownFileType = folder.assetcatalog; path = Assets.xcassets; sourceTree = "<group>"; };
		838257D41F759F6F00DB4FD1 /* Base */ = {isa = PBXFileReference; lastKnownFileType = file.storyboard; name = Base; path = Base.lproj/Main.storyboard; sourceTree = "<group>"; };
		838257D61F759F6F00DB4FD1 /* Info.plist */ = {isa = PBXFileReference; lastKnownFileType = text.plist.xml; path = Info.plist; sourceTree = "<group>"; };
		838257D71F759F6F00DB4FD1 /* Doughnut.entitlements */ = {isa = PBXFileReference; lastKnownFileType = text.plist.entitlements; path = Doughnut.entitlements; sourceTree = "<group>"; };
		838257DC1F759F6F00DB4FD1 /* DoughnutTests.xctest */ = {isa = PBXFileReference; explicitFileType = wrapper.cfbundle; includeInIndex = 0; path = DoughnutTests.xctest; sourceTree = BUILT_PRODUCTS_DIR; };
		838257E01F759F6F00DB4FD1 /* DoughnutTests.swift */ = {isa = PBXFileReference; lastKnownFileType = sourcecode.swift; path = DoughnutTests.swift; sourceTree = "<group>"; };
		838257E21F759F6F00DB4FD1 /* Info.plist */ = {isa = PBXFileReference; lastKnownFileType = text.plist.xml; path = Info.plist; sourceTree = "<group>"; };
		838257E71F759F6F00DB4FD1 /* DoughnutUITests.xctest */ = {isa = PBXFileReference; explicitFileType = wrapper.cfbundle; includeInIndex = 0; path = DoughnutUITests.xctest; sourceTree = BUILT_PRODUCTS_DIR; };
		838257EB1F759F6F00DB4FD1 /* DoughnutUITests.swift */ = {isa = PBXFileReference; lastKnownFileType = sourcecode.swift; path = DoughnutUITests.swift; sourceTree = "<group>"; };
		838257ED1F759F6F00DB4FD1 /* Info.plist */ = {isa = PBXFileReference; lastKnownFileType = text.plist.xml; path = Info.plist; sourceTree = "<group>"; };
		83D4CA551F7C36DE002EDC36 /* LibraryTestsWithoutSubscriptions.swift */ = {isa = PBXFileReference; lastKnownFileType = sourcecode.swift; path = LibraryTestsWithoutSubscriptions.swift; sourceTree = "<group>"; };
		83D4CA581F7C3763002EDC36 /* image.jpg */ = {isa = PBXFileReference; lastKnownFileType = image.jpeg; path = image.jpg; sourceTree = "<group>"; };
		83D4CA591F7C3779002EDC36 /* ValidFeed.xml */ = {isa = PBXFileReference; lastKnownFileType = text.xml; path = ValidFeed.xml; sourceTree = "<group>"; };
		83D4CA5B1F7C3848002EDC36 /* enclosure.mp3 */ = {isa = PBXFileReference; lastKnownFileType = audio.mp3; path = enclosure.mp3; sourceTree = "<group>"; };
		83D4CA5C1F7C3902002EDC36 /* LibraryTestCase.swift */ = {isa = PBXFileReference; lastKnownFileType = sourcecode.swift; path = LibraryTestCase.swift; sourceTree = "<group>"; };
		83D59CF61F7ED15C00F25A66 /* Episode.swift */ = {isa = PBXFileReference; lastKnownFileType = sourcecode.swift; path = Episode.swift; sourceTree = "<group>"; };
		83D971091F812B270091822A /* Player.swift */ = {isa = PBXFileReference; lastKnownFileType = sourcecode.swift; path = Player.swift; sourceTree = "<group>"; };
		83D9710B1F812E910091822A /* PlayerView.swift */ = {isa = PBXFileReference; lastKnownFileType = sourcecode.swift; path = PlayerView.swift; sourceTree = "<group>"; };
		83DB16DB1F93E34B0062B266 /* Utils.swift */ = {isa = PBXFileReference; lastKnownFileType = sourcecode.swift; path = Utils.swift; sourceTree = "<group>"; };
		83DB16DD1F93F1CE0062B266 /* LibraryUtils.swift */ = {isa = PBXFileReference; lastKnownFileType = sourcecode.swift; path = LibraryUtils.swift; sourceTree = "<group>"; };
		83DB16E01F93FB460062B266 /* SubscribeViewController.swift */ = {isa = PBXFileReference; lastKnownFileType = sourcecode.swift; path = SubscribeViewController.swift; sourceTree = "<group>"; };
		83FB4EB71F7BD9A1001CD842 /* Library.swift */ = {isa = PBXFileReference; lastKnownFileType = sourcecode.swift; path = Library.swift; sourceTree = "<group>"; };
		83FB4EBA1F7BD9DF001CD842 /* FeedKit.framework */ = {isa = PBXFileReference; lastKnownFileType = wrapper.framework; name = FeedKit.framework; path = Carthage/Build/Mac/FeedKit.framework; sourceTree = "<group>"; };
		BA7A57F62DAF0A2C3DA2C7AF /* Pods-Doughnut.release.xcconfig */ = {isa = PBXFileReference; includeInIndex = 1; lastKnownFileType = text.xcconfig; name = "Pods-Doughnut.release.xcconfig"; path = "Pods/Target Support Files/Pods-Doughnut/Pods-Doughnut.release.xcconfig"; sourceTree = "<group>"; };
		BB240160D5A85A2E90992A2D /* Pods-DoughnutTests.debug.xcconfig */ = {isa = PBXFileReference; includeInIndex = 1; lastKnownFileType = text.xcconfig; name = "Pods-DoughnutTests.debug.xcconfig"; path = "Pods/Target Support Files/Pods-DoughnutTests/Pods-DoughnutTests.debug.xcconfig"; sourceTree = "<group>"; };
		BEF72BD12131100ABCE132D0 /* Pods-DoughnutUITests.release.xcconfig */ = {isa = PBXFileReference; includeInIndex = 1; lastKnownFileType = text.xcconfig; name = "Pods-DoughnutUITests.release.xcconfig"; path = "Pods/Target Support Files/Pods-DoughnutUITests/Pods-DoughnutUITests.release.xcconfig"; sourceTree = "<group>"; };
		E8FE469000F310C792708BC9 /* Pods-DoughnutUITests.test.xcconfig */ = {isa = PBXFileReference; includeInIndex = 1; lastKnownFileType = text.xcconfig; name = "Pods-DoughnutUITests.test.xcconfig"; path = "Pods/Target Support Files/Pods-DoughnutUITests/Pods-DoughnutUITests.test.xcconfig"; sourceTree = "<group>"; };
		F3B8FFE666B9868F9A10D249 /* Pods-DoughnutTests.test.xcconfig */ = {isa = PBXFileReference; includeInIndex = 1; lastKnownFileType = text.xcconfig; name = "Pods-DoughnutTests.test.xcconfig"; path = "Pods/Target Support Files/Pods-DoughnutTests/Pods-DoughnutTests.test.xcconfig"; sourceTree = "<group>"; };
		F42DD5B957A39D2CA878BEA8 /* Pods-Doughnut.test.xcconfig */ = {isa = PBXFileReference; includeInIndex = 1; lastKnownFileType = text.xcconfig; name = "Pods-Doughnut.test.xcconfig"; path = "Pods/Target Support Files/Pods-Doughnut/Pods-Doughnut.test.xcconfig"; sourceTree = "<group>"; };
		F9F9819E5AC05F35AC9BF7E6 /* Pods-DoughnutTests.release.xcconfig */ = {isa = PBXFileReference; includeInIndex = 1; lastKnownFileType = text.xcconfig; name = "Pods-DoughnutTests.release.xcconfig"; path = "Pods/Target Support Files/Pods-DoughnutTests/Pods-DoughnutTests.release.xcconfig"; sourceTree = "<group>"; };
/* End PBXFileReference section */

/* Begin PBXFrameworksBuildPhase section */
		838257C71F759F6F00DB4FD1 /* Frameworks */ = {
			isa = PBXFrameworksBuildPhase;
			buildActionMask = 2147483647;
			files = (
				4125A143137AD05319B3DEFC /* Pods_Doughnut.framework in Frameworks */,
			);
			runOnlyForDeploymentPostprocessing = 0;
		};
		838257D91F759F6F00DB4FD1 /* Frameworks */ = {
			isa = PBXFrameworksBuildPhase;
			buildActionMask = 2147483647;
			files = (
				1D7B5D7B127AE8F635350D7F /* Pods_DoughnutTests.framework in Frameworks */,
			);
			runOnlyForDeploymentPostprocessing = 0;
		};
		838257E41F759F6F00DB4FD1 /* Frameworks */ = {
			isa = PBXFrameworksBuildPhase;
			buildActionMask = 2147483647;
			files = (
				2AB07BF789841271ED80EA26 /* Pods_DoughnutUITests.framework in Frameworks */,
			);
			runOnlyForDeploymentPostprocessing = 0;
		};
/* End PBXFrameworksBuildPhase section */

/* Begin PBXGroup section */
		6F37DC96B4D6909BC9F7B09C /* Pods */ = {
			isa = PBXGroup;
			children = (
				5E1DC050EEE121FD033C44DF /* Pods-Doughnut.debug.xcconfig */,
				BA7A57F62DAF0A2C3DA2C7AF /* Pods-Doughnut.release.xcconfig */,
				BB240160D5A85A2E90992A2D /* Pods-DoughnutTests.debug.xcconfig */,
				F9F9819E5AC05F35AC9BF7E6 /* Pods-DoughnutTests.release.xcconfig */,
				368B5540FC7D1B6258BCF776 /* Pods-DoughnutUITests.debug.xcconfig */,
				BEF72BD12131100ABCE132D0 /* Pods-DoughnutUITests.release.xcconfig */,
				F42DD5B957A39D2CA878BEA8 /* Pods-Doughnut.test.xcconfig */,
				F3B8FFE666B9868F9A10D249 /* Pods-DoughnutTests.test.xcconfig */,
				E8FE469000F310C792708BC9 /* Pods-DoughnutUITests.test.xcconfig */,
			);
			name = Pods;
			sourceTree = "<group>";
		};
		830B15991F7B97250086C121 /* Views */ = {
			isa = PBXGroup;
			children = (
				830B159A1F7B97910086C121 /* PodcastCellView.swift */,
				837068121F7BBD63007FE973 /* EpisodeCellView.swift */,
				83D9710B1F812E910091822A /* PlayerView.swift */,
				8379899A1F81616C00234577 /* SeekSlider.swift */,
				837D52BF1F8E683200C17514 /* DownloadCellView.swift */,
			);
			path = Views;
			sourceTree = "<group>";
		};
		834342661F801DD600913C0B /* Preference */ = {
			isa = PBXGroup;
			children = (
				8341B8381F7BE4F100B50A5D /* Preference.swift */,
			);
			path = Preference;
			sourceTree = "<group>";
		};
		83667DEE1F76D1F300F1ABC0 /* View Controllers */ = {
			isa = PBXGroup;
			children = (
				838257CF1F759F6F00DB4FD1 /* ViewController.swift */,
				83667DEF1F76D20C00F1ABC0 /* PodcastViewController.swift */,
				83667DF11F76D21900F1ABC0 /* EpisodeViewController.swift */,
				83667DF31F76D22600F1ABC0 /* DetailViewController.swift */,
				834342691F802C1400913C0B /* EpisodeFilterViewController.swift */,
				837D52BD1F8E622200C17514 /* DownloadsViewController.swift */,
				83DB16E01F93FB460062B266 /* SubscribeViewController.swift */,
			);
			path = "View Controllers";
			sourceTree = "<group>";
		};
		838257C11F759F6F00DB4FD1 = {
			isa = PBXGroup;
			children = (
				838257CC1F759F6F00DB4FD1 /* Doughnut */,
				838257DF1F759F6F00DB4FD1 /* DoughnutTests */,
				838257EA1F759F6F00DB4FD1 /* DoughnutUITests */,
				838257CB1F759F6F00DB4FD1 /* Products */,
				83FB4EB91F7BD9DF001CD842 /* Frameworks */,
				6F37DC96B4D6909BC9F7B09C /* Pods */,
			);
			sourceTree = "<group>";
		};
		838257CB1F759F6F00DB4FD1 /* Products */ = {
			isa = PBXGroup;
			children = (
				838257CA1F759F6F00DB4FD1 /* Doughnut.app */,
				838257DC1F759F6F00DB4FD1 /* DoughnutTests.xctest */,
				838257E71F759F6F00DB4FD1 /* DoughnutUITests.xctest */,
			);
			name = Products;
			sourceTree = "<group>";
		};
		838257CC1F759F6F00DB4FD1 /* Doughnut */ = {
			isa = PBXGroup;
			children = (
				83FB4EB61F7BD996001CD842 /* Library */,
				830B15991F7B97250086C121 /* Views */,
				83667DEE1F76D1F300F1ABC0 /* View Controllers */,
				838257CD1F759F6F00DB4FD1 /* AppDelegate.swift */,
				838257D11F759F6F00DB4FD1 /* Assets.xcassets */,
				838257D31F759F6F00DB4FD1 /* Main.storyboard */,
				838257D61F759F6F00DB4FD1 /* Info.plist */,
				838257D71F759F6F00DB4FD1 /* Doughnut.entitlements */,
				83D971091F812B270091822A /* Player.swift */,
				832A04331F76EBDC00C92D25 /* WindowController.swift */,
				834342661F801DD600913C0B /* Preference */,
			);
			path = Doughnut;
			sourceTree = "<group>";
		};
		838257DF1F759F6F00DB4FD1 /* DoughnutTests */ = {
			isa = PBXGroup;
			children = (
				83D4CA571F7C3728002EDC36 /* Fixtures */,
				83D4CA541F7C36CC002EDC36 /* LibraryTests */,
				838257E01F759F6F00DB4FD1 /* DoughnutTests.swift */,
				83D4CA5C1F7C3902002EDC36 /* LibraryTestCase.swift */,
				838257E21F759F6F00DB4FD1 /* Info.plist */,
			);
			path = DoughnutTests;
			sourceTree = "<group>";
		};
		838257EA1F759F6F00DB4FD1 /* DoughnutUITests */ = {
			isa = PBXGroup;
			children = (
				838257EB1F759F6F00DB4FD1 /* DoughnutUITests.swift */,
				838257ED1F759F6F00DB4FD1 /* Info.plist */,
			);
			path = DoughnutUITests;
			sourceTree = "<group>";
		};
		83D4CA541F7C36CC002EDC36 /* LibraryTests */ = {
			isa = PBXGroup;
			children = (
				83D4CA551F7C36DE002EDC36 /* LibraryTestsWithoutSubscriptions.swift */,
				8335F3AE1F90B5F700722DBC /* LibrarySpyDelegate.swift */,
				8335F3B01F90B63F00722DBC /* LibraryTestsWithSubscription.swift */,
				83DB16DD1F93F1CE0062B266 /* LibraryUtils.swift */,
			);
			path = LibraryTests;
			sourceTree = "<group>";
		};
		83D4CA571F7C3728002EDC36 /* Fixtures */ = {
			isa = PBXGroup;
			children = (
				83D4CA5B1F7C3848002EDC36 /* enclosure.mp3 */,
				83D4CA581F7C3763002EDC36 /* image.jpg */,
				83D4CA591F7C3779002EDC36 /* ValidFeed.xml */,
				8335D48B1F856E120060D8D8 /* ValidFeedx3.xml */,
			);
			path = Fixtures;
			sourceTree = "<group>";
		};
		83FB4EB61F7BD996001CD842 /* Library */ = {
			isa = PBXGroup;
			children = (
				83FB4EB71F7BD9A1001CD842 /* Library.swift */,
				8341B83A1F7BEB0500B50A5D /* Migrations.swift */,
				83659AB71F7D8A0300E09833 /* Podcast.swift */,
				83D59CF61F7ED15C00F25A66 /* Episode.swift */,
				832FF90A1F8D60430065E593 /* DownloadManager.swift */,
				83DB16DB1F93E34B0062B266 /* Utils.swift */,
			);
			path = Library;
			sourceTree = "<group>";
		};
		83FB4EB91F7BD9DF001CD842 /* Frameworks */ = {
			isa = PBXGroup;
			children = (
				83FB4EBA1F7BD9DF001CD842 /* FeedKit.framework */,
				2661E19A57B17099FC4ECCDD /* Pods_Doughnut.framework */,
				558EE5E875BAF91152803575 /* Pods_DoughnutTests.framework */,
				25D4796441E8F7922FCDAF9A /* Pods_DoughnutUITests.framework */,
			);
			name = Frameworks;
			sourceTree = "<group>";
		};
/* End PBXGroup section */

/* Begin PBXNativeTarget section */
		838257C91F759F6F00DB4FD1 /* Doughnut */ = {
			isa = PBXNativeTarget;
			buildConfigurationList = 838257F01F759F6F00DB4FD1 /* Build configuration list for PBXNativeTarget "Doughnut" */;
			buildPhases = (
				5D28D79F73E4F029E1F5DBB6 /* [CP] Check Pods Manifest.lock */,
				838257C61F759F6F00DB4FD1 /* Sources */,
				838257C71F759F6F00DB4FD1 /* Frameworks */,
				838257C81F759F6F00DB4FD1 /* Resources */,
				4811B8B252A5287D2295B6A8 /* [CP] Embed Pods Frameworks */,
				D4838B1A99983D51CEADAC8F /* [CP] Copy Pods Resources */,
			);
			buildRules = (
			);
			dependencies = (
			);
			name = Doughnut;
			productName = Doughnut;
			productReference = 838257CA1F759F6F00DB4FD1 /* Doughnut.app */;
			productType = "com.apple.product-type.application";
		};
		838257DB1F759F6F00DB4FD1 /* DoughnutTests */ = {
			isa = PBXNativeTarget;
			buildConfigurationList = 838257F31F759F6F00DB4FD1 /* Build configuration list for PBXNativeTarget "DoughnutTests" */;
			buildPhases = (
				6F9C7ADA61728CAC04952B62 /* [CP] Check Pods Manifest.lock */,
				838257D81F759F6F00DB4FD1 /* Sources */,
				838257D91F759F6F00DB4FD1 /* Frameworks */,
				838257DA1F759F6F00DB4FD1 /* Resources */,
				4884278946C85C4A6BB9F0A4 /* [CP] Embed Pods Frameworks */,
				C83709E703A41DA12E6C8DEC /* [CP] Copy Pods Resources */,
			);
			buildRules = (
			);
			dependencies = (
				838257DE1F759F6F00DB4FD1 /* PBXTargetDependency */,
			);
			name = DoughnutTests;
			productName = DoughnutTests;
			productReference = 838257DC1F759F6F00DB4FD1 /* DoughnutTests.xctest */;
			productType = "com.apple.product-type.bundle.unit-test";
		};
		838257E61F759F6F00DB4FD1 /* DoughnutUITests */ = {
			isa = PBXNativeTarget;
			buildConfigurationList = 838257F61F759F6F00DB4FD1 /* Build configuration list for PBXNativeTarget "DoughnutUITests" */;
			buildPhases = (
				A3819D0A54A45BF19A833E00 /* [CP] Check Pods Manifest.lock */,
				838257E31F759F6F00DB4FD1 /* Sources */,
				838257E41F759F6F00DB4FD1 /* Frameworks */,
				838257E51F759F6F00DB4FD1 /* Resources */,
				4CA645B81661E94A849CAD6B /* [CP] Embed Pods Frameworks */,
				B5DA5A39F57B6A18D009684E /* [CP] Copy Pods Resources */,
			);
			buildRules = (
			);
			dependencies = (
				838257E91F759F6F00DB4FD1 /* PBXTargetDependency */,
			);
			name = DoughnutUITests;
			productName = DoughnutUITests;
			productReference = 838257E71F759F6F00DB4FD1 /* DoughnutUITests.xctest */;
			productType = "com.apple.product-type.bundle.ui-testing";
		};
/* End PBXNativeTarget section */

/* Begin PBXProject section */
		838257C21F759F6F00DB4FD1 /* Project object */ = {
			isa = PBXProject;
			attributes = {
				LastSwiftUpdateCheck = 0900;
				LastUpgradeCheck = 0900;
				ORGANIZATIONNAME = "Chris Dyer";
				TargetAttributes = {
					838257C91F759F6F00DB4FD1 = {
						CreatedOnToolsVersion = 9.0;
						ProvisioningStyle = Automatic;
					};
					838257DB1F759F6F00DB4FD1 = {
						CreatedOnToolsVersion = 9.0;
						ProvisioningStyle = Automatic;
						TestTargetID = 838257C91F759F6F00DB4FD1;
					};
					838257E61F759F6F00DB4FD1 = {
						CreatedOnToolsVersion = 9.0;
						ProvisioningStyle = Automatic;
						TestTargetID = 838257C91F759F6F00DB4FD1;
					};
				};
			};
			buildConfigurationList = 838257C51F759F6F00DB4FD1 /* Build configuration list for PBXProject "Doughnut" */;
			compatibilityVersion = "Xcode 8.0";
			developmentRegion = en;
			hasScannedForEncodings = 0;
			knownRegions = (
				en,
				Base,
			);
			mainGroup = 838257C11F759F6F00DB4FD1;
			productRefGroup = 838257CB1F759F6F00DB4FD1 /* Products */;
			projectDirPath = "";
			projectRoot = "";
			targets = (
				838257C91F759F6F00DB4FD1 /* Doughnut */,
				838257DB1F759F6F00DB4FD1 /* DoughnutTests */,
				838257E61F759F6F00DB4FD1 /* DoughnutUITests */,
			);
		};
/* End PBXProject section */

/* Begin PBXResourcesBuildPhase section */
		838257C81F759F6F00DB4FD1 /* Resources */ = {
			isa = PBXResourcesBuildPhase;
			buildActionMask = 2147483647;
			files = (
				838257D21F759F6F00DB4FD1 /* Assets.xcassets in Resources */,
				838257D51F759F6F00DB4FD1 /* Main.storyboard in Resources */,
			);
			runOnlyForDeploymentPostprocessing = 0;
		};
		838257DA1F759F6F00DB4FD1 /* Resources */ = {
			isa = PBXResourcesBuildPhase;
			buildActionMask = 2147483647;
			files = (
				83D4CA5A1F7C3779002EDC36 /* ValidFeed.xml in Resources */,
				8335D48D1F8571150060D8D8 /* enclosure.mp3 in Resources */,
				8335D48C1F856E120060D8D8 /* ValidFeedx3.xml in Resources */,
			);
			runOnlyForDeploymentPostprocessing = 0;
		};
		838257E51F759F6F00DB4FD1 /* Resources */ = {
			isa = PBXResourcesBuildPhase;
			buildActionMask = 2147483647;
			files = (
			);
			runOnlyForDeploymentPostprocessing = 0;
		};
/* End PBXResourcesBuildPhase section */

/* Begin PBXShellScriptBuildPhase section */
		4811B8B252A5287D2295B6A8 /* [CP] Embed Pods Frameworks */ = {
			isa = PBXShellScriptBuildPhase;
			buildActionMask = 2147483647;
			files = (
			);
			inputPaths = (
				"${SRCROOT}/Pods/Target Support Files/Pods-Doughnut/Pods-Doughnut-frameworks.sh",
				"${BUILT_PRODUCTS_DIR}/FeedKit/FeedKit.framework",
				"${BUILT_PRODUCTS_DIR}/GRDB.swift/GRDB.framework",
			);
			name = "[CP] Embed Pods Frameworks";
			outputPaths = (
				"${TARGET_BUILD_DIR}/${FRAMEWORKS_FOLDER_PATH}/FeedKit.framework",
				"${TARGET_BUILD_DIR}/${FRAMEWORKS_FOLDER_PATH}/GRDB.framework",
			);
			runOnlyForDeploymentPostprocessing = 0;
			shellPath = /bin/sh;
			shellScript = "\"${SRCROOT}/Pods/Target Support Files/Pods-Doughnut/Pods-Doughnut-frameworks.sh\"\n";
			showEnvVarsInLog = 0;
		};
		4884278946C85C4A6BB9F0A4 /* [CP] Embed Pods Frameworks */ = {
			isa = PBXShellScriptBuildPhase;
			buildActionMask = 2147483647;
			files = (
			);
			inputPaths = (
			);
			name = "[CP] Embed Pods Frameworks";
			outputPaths = (
			);
			runOnlyForDeploymentPostprocessing = 0;
			shellPath = /bin/sh;
			shellScript = "\"${SRCROOT}/Pods/Target Support Files/Pods-DoughnutTests/Pods-DoughnutTests-frameworks.sh\"\n";
			showEnvVarsInLog = 0;
		};
		4CA645B81661E94A849CAD6B /* [CP] Embed Pods Frameworks */ = {
			isa = PBXShellScriptBuildPhase;
			buildActionMask = 2147483647;
			files = (
			);
			inputPaths = (
			);
			name = "[CP] Embed Pods Frameworks";
			outputPaths = (
			);
			runOnlyForDeploymentPostprocessing = 0;
			shellPath = /bin/sh;
			shellScript = "\"${SRCROOT}/Pods/Target Support Files/Pods-DoughnutUITests/Pods-DoughnutUITests-frameworks.sh\"\n";
			showEnvVarsInLog = 0;
		};
		5D28D79F73E4F029E1F5DBB6 /* [CP] Check Pods Manifest.lock */ = {
			isa = PBXShellScriptBuildPhase;
			buildActionMask = 2147483647;
			files = (
			);
			inputPaths = (
				"${PODS_PODFILE_DIR_PATH}/Podfile.lock",
				"${PODS_ROOT}/Manifest.lock",
			);
			name = "[CP] Check Pods Manifest.lock";
			outputPaths = (
				"$(DERIVED_FILE_DIR)/Pods-Doughnut-checkManifestLockResult.txt",
			);
			runOnlyForDeploymentPostprocessing = 0;
			shellPath = /bin/sh;
			shellScript = "diff \"${PODS_PODFILE_DIR_PATH}/Podfile.lock\" \"${PODS_ROOT}/Manifest.lock\" > /dev/null\nif [ $? != 0 ] ; then\n    # print error to STDERR\n    echo \"error: The sandbox is not in sync with the Podfile.lock. Run 'pod install' or update your CocoaPods installation.\" >&2\n    exit 1\nfi\n# This output is used by Xcode 'outputs' to avoid re-running this script phase.\necho \"SUCCESS\" > \"${SCRIPT_OUTPUT_FILE_0}\"\n";
			showEnvVarsInLog = 0;
		};
		6F9C7ADA61728CAC04952B62 /* [CP] Check Pods Manifest.lock */ = {
			isa = PBXShellScriptBuildPhase;
			buildActionMask = 2147483647;
			files = (
			);
			inputPaths = (
				"${PODS_PODFILE_DIR_PATH}/Podfile.lock",
				"${PODS_ROOT}/Manifest.lock",
			);
			name = "[CP] Check Pods Manifest.lock";
			outputPaths = (
				"$(DERIVED_FILE_DIR)/Pods-DoughnutTests-checkManifestLockResult.txt",
			);
			runOnlyForDeploymentPostprocessing = 0;
			shellPath = /bin/sh;
			shellScript = "diff \"${PODS_PODFILE_DIR_PATH}/Podfile.lock\" \"${PODS_ROOT}/Manifest.lock\" > /dev/null\nif [ $? != 0 ] ; then\n    # print error to STDERR\n    echo \"error: The sandbox is not in sync with the Podfile.lock. Run 'pod install' or update your CocoaPods installation.\" >&2\n    exit 1\nfi\n# This output is used by Xcode 'outputs' to avoid re-running this script phase.\necho \"SUCCESS\" > \"${SCRIPT_OUTPUT_FILE_0}\"\n";
			showEnvVarsInLog = 0;
		};
		A3819D0A54A45BF19A833E00 /* [CP] Check Pods Manifest.lock */ = {
			isa = PBXShellScriptBuildPhase;
			buildActionMask = 2147483647;
			files = (
			);
			inputPaths = (
				"${PODS_PODFILE_DIR_PATH}/Podfile.lock",
				"${PODS_ROOT}/Manifest.lock",
			);
			name = "[CP] Check Pods Manifest.lock";
			outputPaths = (
				"$(DERIVED_FILE_DIR)/Pods-DoughnutUITests-checkManifestLockResult.txt",
			);
			runOnlyForDeploymentPostprocessing = 0;
			shellPath = /bin/sh;
			shellScript = "diff \"${PODS_PODFILE_DIR_PATH}/Podfile.lock\" \"${PODS_ROOT}/Manifest.lock\" > /dev/null\nif [ $? != 0 ] ; then\n    # print error to STDERR\n    echo \"error: The sandbox is not in sync with the Podfile.lock. Run 'pod install' or update your CocoaPods installation.\" >&2\n    exit 1\nfi\n# This output is used by Xcode 'outputs' to avoid re-running this script phase.\necho \"SUCCESS\" > \"${SCRIPT_OUTPUT_FILE_0}\"\n";
			showEnvVarsInLog = 0;
		};
		B5DA5A39F57B6A18D009684E /* [CP] Copy Pods Resources */ = {
			isa = PBXShellScriptBuildPhase;
			buildActionMask = 2147483647;
			files = (
			);
			inputPaths = (
			);
			name = "[CP] Copy Pods Resources";
			outputPaths = (
			);
			runOnlyForDeploymentPostprocessing = 0;
			shellPath = /bin/sh;
			shellScript = "\"${SRCROOT}/Pods/Target Support Files/Pods-DoughnutUITests/Pods-DoughnutUITests-resources.sh\"\n";
			showEnvVarsInLog = 0;
		};
		C83709E703A41DA12E6C8DEC /* [CP] Copy Pods Resources */ = {
			isa = PBXShellScriptBuildPhase;
			buildActionMask = 2147483647;
			files = (
			);
			inputPaths = (
			);
			name = "[CP] Copy Pods Resources";
			outputPaths = (
			);
			runOnlyForDeploymentPostprocessing = 0;
			shellPath = /bin/sh;
			shellScript = "\"${SRCROOT}/Pods/Target Support Files/Pods-DoughnutTests/Pods-DoughnutTests-resources.sh\"\n";
			showEnvVarsInLog = 0;
		};
		D4838B1A99983D51CEADAC8F /* [CP] Copy Pods Resources */ = {
			isa = PBXShellScriptBuildPhase;
			buildActionMask = 2147483647;
			files = (
			);
			inputPaths = (
			);
			name = "[CP] Copy Pods Resources";
			outputPaths = (
			);
			runOnlyForDeploymentPostprocessing = 0;
			shellPath = /bin/sh;
			shellScript = "\"${SRCROOT}/Pods/Target Support Files/Pods-Doughnut/Pods-Doughnut-resources.sh\"\n";
			showEnvVarsInLog = 0;
		};
/* End PBXShellScriptBuildPhase section */

/* Begin PBXSourcesBuildPhase section */
		838257C61F759F6F00DB4FD1 /* Sources */ = {
			isa = PBXSourcesBuildPhase;
			buildActionMask = 2147483647;
			files = (
				8343426A1F802C1400913C0B /* EpisodeFilterViewController.swift in Sources */,
				8341B8391F7BE4F100B50A5D /* Preference.swift in Sources */,
				8341B83B1F7BEB0500B50A5D /* Migrations.swift in Sources */,
				83667DF01F76D20C00F1ABC0 /* PodcastViewController.swift in Sources */,
				83D9710C1F812E910091822A /* PlayerView.swift in Sources */,
				83D9710A1F812B270091822A /* Player.swift in Sources */,
				837D52C01F8E683200C17514 /* DownloadCellView.swift in Sources */,
				83DB16E11F93FB460062B266 /* SubscribeViewController.swift in Sources */,
				832A04341F76EBDC00C92D25 /* WindowController.swift in Sources */,
				830B159B1F7B97910086C121 /* PodcastCellView.swift in Sources */,
				838257D01F759F6F00DB4FD1 /* ViewController.swift in Sources */,
				83659AB81F7D8A0300E09833 /* Podcast.swift in Sources */,
				837D52BE1F8E622200C17514 /* DownloadsViewController.swift in Sources */,
				8379899B1F81616C00234577 /* SeekSlider.swift in Sources */,
				837068131F7BBD63007FE973 /* EpisodeCellView.swift in Sources */,
				832FF90B1F8D60430065E593 /* DownloadManager.swift in Sources */,
				83667DF41F76D22600F1ABC0 /* DetailViewController.swift in Sources */,
				83D59CF71F7ED15C00F25A66 /* Episode.swift in Sources */,
				83DB16DC1F93E34B0062B266 /* Utils.swift in Sources */,
				83667DF21F76D21900F1ABC0 /* EpisodeViewController.swift in Sources */,
				838257CE1F759F6F00DB4FD1 /* AppDelegate.swift in Sources */,
				83FB4EB81F7BD9A1001CD842 /* Library.swift in Sources */,
			);
			runOnlyForDeploymentPostprocessing = 0;
		};
		838257D81F759F6F00DB4FD1 /* Sources */ = {
			isa = PBXSourcesBuildPhase;
			buildActionMask = 2147483647;
			files = (
				8397B9D11F8FC64D00C92AE6 /* DownloadManager.swift in Sources */,
				83DB16DE1F93F1CE0062B266 /* LibraryUtils.swift in Sources */,
				83D4CA5F1F7C39A4002EDC36 /* Preference.swift in Sources */,
				83D59CF81F7ED15F00F25A66 /* Episode.swift in Sources */,
				83659AB91F7DA17500E09833 /* Podcast.swift in Sources */,
				83DB16DF1F93F1E40062B266 /* Utils.swift in Sources */,
				838257E11F759F6F00DB4FD1 /* DoughnutTests.swift in Sources */,
				8335F3B11F90B63F00722DBC /* LibraryTestsWithSubscription.swift in Sources */,
				83D4CA611F7C39AD002EDC36 /* Migrations.swift in Sources */,
				83D4CA5E1F7C3988002EDC36 /* Library.swift in Sources */,
				8335F3AF1F90B5F700722DBC /* LibrarySpyDelegate.swift in Sources */,
				83D4CA5D1F7C3902002EDC36 /* LibraryTestCase.swift in Sources */,
				83D4CA561F7C36DE002EDC36 /* LibraryTestsWithoutSubscriptions.swift in Sources */,
			);
			runOnlyForDeploymentPostprocessing = 0;
		};
		838257E31F759F6F00DB4FD1 /* Sources */ = {
			isa = PBXSourcesBuildPhase;
			buildActionMask = 2147483647;
			files = (
				838257EC1F759F6F00DB4FD1 /* DoughnutUITests.swift in Sources */,
			);
			runOnlyForDeploymentPostprocessing = 0;
		};
/* End PBXSourcesBuildPhase section */

/* Begin PBXTargetDependency section */
		838257DE1F759F6F00DB4FD1 /* PBXTargetDependency */ = {
			isa = PBXTargetDependency;
			target = 838257C91F759F6F00DB4FD1 /* Doughnut */;
			targetProxy = 838257DD1F759F6F00DB4FD1 /* PBXContainerItemProxy */;
		};
		838257E91F759F6F00DB4FD1 /* PBXTargetDependency */ = {
			isa = PBXTargetDependency;
			target = 838257C91F759F6F00DB4FD1 /* Doughnut */;
			targetProxy = 838257E81F759F6F00DB4FD1 /* PBXContainerItemProxy */;
		};
/* End PBXTargetDependency section */

/* Begin PBXVariantGroup section */
		838257D31F759F6F00DB4FD1 /* Main.storyboard */ = {
			isa = PBXVariantGroup;
			children = (
				838257D41F759F6F00DB4FD1 /* Base */,
			);
			name = Main.storyboard;
			sourceTree = "<group>";
		};
/* End PBXVariantGroup section */

/* Begin XCBuildConfiguration section */
		830E12E51F7E43F500B35FD0 /* Test */ = {
			isa = XCBuildConfiguration;
			buildSettings = {
				ALWAYS_SEARCH_USER_PATHS = NO;
				CLANG_ANALYZER_NONNULL = YES;
				CLANG_ANALYZER_NUMBER_OBJECT_CONVERSION = YES_AGGRESSIVE;
				CLANG_CXX_LANGUAGE_STANDARD = "gnu++14";
				CLANG_CXX_LIBRARY = "libc++";
				CLANG_ENABLE_MODULES = YES;
				CLANG_ENABLE_OBJC_ARC = YES;
				CLANG_WARN_BLOCK_CAPTURE_AUTORELEASING = YES;
				CLANG_WARN_BOOL_CONVERSION = YES;
				CLANG_WARN_COMMA = YES;
				CLANG_WARN_CONSTANT_CONVERSION = YES;
				CLANG_WARN_DIRECT_OBJC_ISA_USAGE = YES_ERROR;
				CLANG_WARN_DOCUMENTATION_COMMENTS = YES;
				CLANG_WARN_EMPTY_BODY = YES;
				CLANG_WARN_ENUM_CONVERSION = YES;
				CLANG_WARN_INFINITE_RECURSION = YES;
				CLANG_WARN_INT_CONVERSION = YES;
				CLANG_WARN_NON_LITERAL_NULL_CONVERSION = YES;
				CLANG_WARN_OBJC_LITERAL_CONVERSION = YES;
				CLANG_WARN_OBJC_ROOT_CLASS = YES_ERROR;
				CLANG_WARN_RANGE_LOOP_ANALYSIS = YES;
				CLANG_WARN_STRICT_PROTOTYPES = YES;
				CLANG_WARN_SUSPICIOUS_MOVE = YES;
				CLANG_WARN_UNGUARDED_AVAILABILITY = YES_AGGRESSIVE;
				CLANG_WARN_UNREACHABLE_CODE = YES;
				CLANG_WARN__DUPLICATE_METHOD_MATCH = YES;
				CODE_SIGN_IDENTITY = "Mac Developer";
				COPY_PHASE_STRIP = NO;
				DEBUG_INFORMATION_FORMAT = dwarf;
				ENABLE_STRICT_OBJC_MSGSEND = YES;
				ENABLE_TESTABILITY = YES;
				GCC_C_LANGUAGE_STANDARD = gnu11;
				GCC_DYNAMIC_NO_PIC = NO;
				GCC_NO_COMMON_BLOCKS = YES;
				GCC_OPTIMIZATION_LEVEL = 0;
				GCC_PREPROCESSOR_DEFINITIONS = (
					"DEBUG=1",
					"$(inherited)",
				);
				GCC_WARN_64_TO_32_BIT_CONVERSION = YES;
				GCC_WARN_ABOUT_RETURN_TYPE = YES_ERROR;
				GCC_WARN_UNDECLARED_SELECTOR = YES;
				GCC_WARN_UNINITIALIZED_AUTOS = YES_AGGRESSIVE;
				GCC_WARN_UNUSED_FUNCTION = YES;
				GCC_WARN_UNUSED_VARIABLE = YES;
				MACOSX_DEPLOYMENT_TARGET = 10.12;
				MTL_ENABLE_DEBUG_INFO = YES;
				ONLY_ACTIVE_ARCH = YES;
				SDKROOT = macosx;
				SWIFT_ACTIVE_COMPILATION_CONDITIONS = DEBUG;
				SWIFT_OPTIMIZATION_LEVEL = "-Onone";
			};
			name = Test;
		};
		830E12E61F7E43F500B35FD0 /* Test */ = {
			isa = XCBuildConfiguration;
			baseConfigurationReference = F42DD5B957A39D2CA878BEA8 /* Pods-Doughnut.test.xcconfig */;
			buildSettings = {
				CODE_SIGN_ENTITLEMENTS = Doughnut/Doughnut.entitlements;
				CODE_SIGN_IDENTITY = "";
				CODE_SIGN_STYLE = Automatic;
				COMBINE_HIDPI_IMAGES = YES;
				DEVELOPMENT_TEAM = "";
				FRAMEWORK_SEARCH_PATHS = "$(inherited)";
				GCC_PREPROCESSOR_DEFINITIONS = (
					"$(inherited)",
					"COCOAPODS=1",
					"TEST=1",
				);
				INFOPLIST_FILE = Doughnut/Info.plist;
				LD_RUNPATH_SEARCH_PATHS = "$(inherited) @executable_path/../Frameworks";
				OTHER_SWIFT_FLAGS = "$(inherited) \"-D\" \"COCOAPODS\" -DTEST";
				PRODUCT_BUNDLE_IDENTIFIER = cdyer.Doughnut;
				PRODUCT_NAME = "$(TARGET_NAME)";
				PROVISIONING_PROFILE_SPECIFIER = "";
				SWIFT_VERSION = 4.0;
			};
			name = Test;
		};
		830E12E71F7E43F500B35FD0 /* Test */ = {
			isa = XCBuildConfiguration;
			baseConfigurationReference = F3B8FFE666B9868F9A10D249 /* Pods-DoughnutTests.test.xcconfig */;
			buildSettings = {
				ALWAYS_EMBED_SWIFT_STANDARD_LIBRARIES = YES;
				BUNDLE_LOADER = "$(TEST_HOST)";
				CODE_SIGN_STYLE = Automatic;
				COMBINE_HIDPI_IMAGES = YES;
				DEVELOPMENT_TEAM = Y8C2QHZQ3Q;
				GCC_PREPROCESSOR_DEFINITIONS = (
					"$(inherited)",
					"COCOAPODS=1",
					"TEST=1",
				);
				INFOPLIST_FILE = DoughnutTests/Info.plist;
				LD_RUNPATH_SEARCH_PATHS = "$(inherited) @executable_path/../Frameworks @loader_path/../Frameworks";
				OTHER_SWIFT_FLAGS = "-DTEST";
				PRODUCT_BUNDLE_IDENTIFIER = cdyer.DoughnutTests;
				PRODUCT_NAME = "$(TARGET_NAME)";
				SWIFT_VERSION = 4.0;
				TEST_HOST = "$(BUILT_PRODUCTS_DIR)/Doughnut.app/Contents/MacOS/Doughnut";
			};
			name = Test;
		};
		830E12E81F7E43F500B35FD0 /* Test */ = {
			isa = XCBuildConfiguration;
			baseConfigurationReference = E8FE469000F310C792708BC9 /* Pods-DoughnutUITests.test.xcconfig */;
			buildSettings = {
				ALWAYS_EMBED_SWIFT_STANDARD_LIBRARIES = YES;
				CODE_SIGN_STYLE = Automatic;
				COMBINE_HIDPI_IMAGES = YES;
				DEVELOPMENT_TEAM = Y8C2QHZQ3Q;
				GCC_PREPROCESSOR_DEFINITIONS = (
					"$(inherited)",
					"COCOAPODS=1",
					"TEST=1",
				);
				INFOPLIST_FILE = DoughnutUITests/Info.plist;
				LD_RUNPATH_SEARCH_PATHS = "$(inherited) @executable_path/../Frameworks @loader_path/../Frameworks";
				PRODUCT_BUNDLE_IDENTIFIER = cdyer.DoughnutUITests;
				PRODUCT_NAME = "$(TARGET_NAME)";
				SWIFT_VERSION = 4.0;
				TEST_TARGET_NAME = Doughnut;
			};
			name = Test;
		};
		838257EE1F759F6F00DB4FD1 /* Debug */ = {
			isa = XCBuildConfiguration;
			buildSettings = {
				ALWAYS_SEARCH_USER_PATHS = NO;
				CLANG_ANALYZER_NONNULL = YES;
				CLANG_ANALYZER_NUMBER_OBJECT_CONVERSION = YES_AGGRESSIVE;
				CLANG_CXX_LANGUAGE_STANDARD = "gnu++14";
				CLANG_CXX_LIBRARY = "libc++";
				CLANG_ENABLE_MODULES = YES;
				CLANG_ENABLE_OBJC_ARC = YES;
				CLANG_WARN_BLOCK_CAPTURE_AUTORELEASING = YES;
				CLANG_WARN_BOOL_CONVERSION = YES;
				CLANG_WARN_COMMA = YES;
				CLANG_WARN_CONSTANT_CONVERSION = YES;
				CLANG_WARN_DIRECT_OBJC_ISA_USAGE = YES_ERROR;
				CLANG_WARN_DOCUMENTATION_COMMENTS = YES;
				CLANG_WARN_EMPTY_BODY = YES;
				CLANG_WARN_ENUM_CONVERSION = YES;
				CLANG_WARN_INFINITE_RECURSION = YES;
				CLANG_WARN_INT_CONVERSION = YES;
				CLANG_WARN_NON_LITERAL_NULL_CONVERSION = YES;
				CLANG_WARN_OBJC_LITERAL_CONVERSION = YES;
				CLANG_WARN_OBJC_ROOT_CLASS = YES_ERROR;
				CLANG_WARN_RANGE_LOOP_ANALYSIS = YES;
				CLANG_WARN_STRICT_PROTOTYPES = YES;
				CLANG_WARN_SUSPICIOUS_MOVE = YES;
				CLANG_WARN_UNGUARDED_AVAILABILITY = YES_AGGRESSIVE;
				CLANG_WARN_UNREACHABLE_CODE = YES;
				CLANG_WARN__DUPLICATE_METHOD_MATCH = YES;
				CODE_SIGN_IDENTITY = "Mac Developer";
				COPY_PHASE_STRIP = NO;
				DEBUG_INFORMATION_FORMAT = dwarf;
				ENABLE_STRICT_OBJC_MSGSEND = YES;
				ENABLE_TESTABILITY = YES;
				GCC_C_LANGUAGE_STANDARD = gnu11;
				GCC_DYNAMIC_NO_PIC = NO;
				GCC_NO_COMMON_BLOCKS = YES;
				GCC_OPTIMIZATION_LEVEL = 0;
				GCC_PREPROCESSOR_DEFINITIONS = (
					"DEBUG=1",
					"$(inherited)",
				);
				GCC_WARN_64_TO_32_BIT_CONVERSION = YES;
				GCC_WARN_ABOUT_RETURN_TYPE = YES_ERROR;
				GCC_WARN_UNDECLARED_SELECTOR = YES;
				GCC_WARN_UNINITIALIZED_AUTOS = YES_AGGRESSIVE;
				GCC_WARN_UNUSED_FUNCTION = YES;
				GCC_WARN_UNUSED_VARIABLE = YES;
				MACOSX_DEPLOYMENT_TARGET = 10.12;
				MTL_ENABLE_DEBUG_INFO = YES;
				ONLY_ACTIVE_ARCH = YES;
				SDKROOT = macosx;
				SWIFT_ACTIVE_COMPILATION_CONDITIONS = DEBUG;
				SWIFT_OPTIMIZATION_LEVEL = "-Onone";
			};
			name = Debug;
		};
		838257EF1F759F6F00DB4FD1 /* Release */ = {
			isa = XCBuildConfiguration;
			buildSettings = {
				ALWAYS_SEARCH_USER_PATHS = NO;
				CLANG_ANALYZER_NONNULL = YES;
				CLANG_ANALYZER_NUMBER_OBJECT_CONVERSION = YES_AGGRESSIVE;
				CLANG_CXX_LANGUAGE_STANDARD = "gnu++14";
				CLANG_CXX_LIBRARY = "libc++";
				CLANG_ENABLE_MODULES = YES;
				CLANG_ENABLE_OBJC_ARC = YES;
				CLANG_WARN_BLOCK_CAPTURE_AUTORELEASING = YES;
				CLANG_WARN_BOOL_CONVERSION = YES;
				CLANG_WARN_COMMA = YES;
				CLANG_WARN_CONSTANT_CONVERSION = YES;
				CLANG_WARN_DIRECT_OBJC_ISA_USAGE = YES_ERROR;
				CLANG_WARN_DOCUMENTATION_COMMENTS = YES;
				CLANG_WARN_EMPTY_BODY = YES;
				CLANG_WARN_ENUM_CONVERSION = YES;
				CLANG_WARN_INFINITE_RECURSION = YES;
				CLANG_WARN_INT_CONVERSION = YES;
				CLANG_WARN_NON_LITERAL_NULL_CONVERSION = YES;
				CLANG_WARN_OBJC_LITERAL_CONVERSION = YES;
				CLANG_WARN_OBJC_ROOT_CLASS = YES_ERROR;
				CLANG_WARN_RANGE_LOOP_ANALYSIS = YES;
				CLANG_WARN_STRICT_PROTOTYPES = YES;
				CLANG_WARN_SUSPICIOUS_MOVE = YES;
				CLANG_WARN_UNGUARDED_AVAILABILITY = YES_AGGRESSIVE;
				CLANG_WARN_UNREACHABLE_CODE = YES;
				CLANG_WARN__DUPLICATE_METHOD_MATCH = YES;
				CODE_SIGN_IDENTITY = "Mac Developer";
				COPY_PHASE_STRIP = NO;
				DEBUG_INFORMATION_FORMAT = "dwarf-with-dsym";
				ENABLE_NS_ASSERTIONS = NO;
				ENABLE_STRICT_OBJC_MSGSEND = YES;
				GCC_C_LANGUAGE_STANDARD = gnu11;
				GCC_NO_COMMON_BLOCKS = YES;
				GCC_WARN_64_TO_32_BIT_CONVERSION = YES;
				GCC_WARN_ABOUT_RETURN_TYPE = YES_ERROR;
				GCC_WARN_UNDECLARED_SELECTOR = YES;
				GCC_WARN_UNINITIALIZED_AUTOS = YES_AGGRESSIVE;
				GCC_WARN_UNUSED_FUNCTION = YES;
				GCC_WARN_UNUSED_VARIABLE = YES;
				MACOSX_DEPLOYMENT_TARGET = 10.12;
				MTL_ENABLE_DEBUG_INFO = NO;
				SDKROOT = macosx;
				SWIFT_OPTIMIZATION_LEVEL = "-Owholemodule";
			};
			name = Release;
		};
		838257F11F759F6F00DB4FD1 /* Debug */ = {
			isa = XCBuildConfiguration;
			baseConfigurationReference = 5E1DC050EEE121FD033C44DF /* Pods-Doughnut.debug.xcconfig */;
			buildSettings = {
				CODE_SIGN_ENTITLEMENTS = Doughnut/Doughnut.entitlements;
				CODE_SIGN_IDENTITY = "";
				CODE_SIGN_STYLE = Automatic;
				COMBINE_HIDPI_IMAGES = YES;
				DEVELOPMENT_TEAM = "";
				FRAMEWORK_SEARCH_PATHS = "$(inherited)";
				INFOPLIST_FILE = Doughnut/Info.plist;
				LD_RUNPATH_SEARCH_PATHS = "$(inherited) @executable_path/../Frameworks";
				PRODUCT_BUNDLE_IDENTIFIER = cdyer.Doughnut;
				PRODUCT_NAME = "$(TARGET_NAME)";
				PROVISIONING_PROFILE_SPECIFIER = "";
				SWIFT_VERSION = 4.0;
			};
			name = Debug;
		};
		838257F21F759F6F00DB4FD1 /* Release */ = {
			isa = XCBuildConfiguration;
			baseConfigurationReference = BA7A57F62DAF0A2C3DA2C7AF /* Pods-Doughnut.release.xcconfig */;
			buildSettings = {
				CODE_SIGN_ENTITLEMENTS = Doughnut/Doughnut.entitlements;
				CODE_SIGN_IDENTITY = "Mac Developer";
				CODE_SIGN_STYLE = Automatic;
				COMBINE_HIDPI_IMAGES = YES;
				DEVELOPMENT_TEAM = "";
				FRAMEWORK_SEARCH_PATHS = "$(inherited)";
				INFOPLIST_FILE = Doughnut/Info.plist;
				LD_RUNPATH_SEARCH_PATHS = "$(inherited) @executable_path/../Frameworks";
				PRODUCT_BUNDLE_IDENTIFIER = cdyer.Doughnut;
				PRODUCT_NAME = "$(TARGET_NAME)";
				PROVISIONING_PROFILE_SPECIFIER = "";
				SWIFT_VERSION = 4.0;
			};
			name = Release;
		};
		838257F41F759F6F00DB4FD1 /* Debug */ = {
			isa = XCBuildConfiguration;
			baseConfigurationReference = BB240160D5A85A2E90992A2D /* Pods-DoughnutTests.debug.xcconfig */;
			buildSettings = {
				ALWAYS_EMBED_SWIFT_STANDARD_LIBRARIES = YES;
				BUNDLE_LOADER = "$(TEST_HOST)";
				CODE_SIGN_STYLE = Automatic;
				COMBINE_HIDPI_IMAGES = YES;
				DEVELOPMENT_TEAM = Y8C2QHZQ3Q;
				GCC_PREPROCESSOR_DEFINITIONS = (
					"$(inherited)",
					"COCOAPODS=1",
				);
				INFOPLIST_FILE = DoughnutTests/Info.plist;
				LD_RUNPATH_SEARCH_PATHS = "$(inherited) @executable_path/../Frameworks @loader_path/../Frameworks";
				PRODUCT_BUNDLE_IDENTIFIER = cdyer.DoughnutTests;
				PRODUCT_NAME = "$(TARGET_NAME)";
				SWIFT_VERSION = 4.0;
				TEST_HOST = "$(BUILT_PRODUCTS_DIR)/Doughnut.app/Contents/MacOS/Doughnut";
			};
			name = Debug;
		};
		838257F51F759F6F00DB4FD1 /* Release */ = {
			isa = XCBuildConfiguration;
			baseConfigurationReference = F9F9819E5AC05F35AC9BF7E6 /* Pods-DoughnutTests.release.xcconfig */;
			buildSettings = {
				ALWAYS_EMBED_SWIFT_STANDARD_LIBRARIES = YES;
				BUNDLE_LOADER = "$(TEST_HOST)";
				CODE_SIGN_STYLE = Automatic;
				COMBINE_HIDPI_IMAGES = YES;
				DEVELOPMENT_TEAM = Y8C2QHZQ3Q;
				INFOPLIST_FILE = DoughnutTests/Info.plist;
				LD_RUNPATH_SEARCH_PATHS = "$(inherited) @executable_path/../Frameworks @loader_path/../Frameworks";
				PRODUCT_BUNDLE_IDENTIFIER = cdyer.DoughnutTests;
				PRODUCT_NAME = "$(TARGET_NAME)";
				SWIFT_VERSION = 4.0;
				TEST_HOST = "$(BUILT_PRODUCTS_DIR)/Doughnut.app/Contents/MacOS/Doughnut";
			};
			name = Release;
		};
		838257F71F759F6F00DB4FD1 /* Debug */ = {
			isa = XCBuildConfiguration;
			baseConfigurationReference = 368B5540FC7D1B6258BCF776 /* Pods-DoughnutUITests.debug.xcconfig */;
			buildSettings = {
				ALWAYS_EMBED_SWIFT_STANDARD_LIBRARIES = YES;
				CODE_SIGN_STYLE = Automatic;
				COMBINE_HIDPI_IMAGES = YES;
				DEVELOPMENT_TEAM = Y8C2QHZQ3Q;
				GCC_PREPROCESSOR_DEFINITIONS = (
					"$(inherited)",
					"COCOAPODS=1",
				);
				INFOPLIST_FILE = DoughnutUITests/Info.plist;
				LD_RUNPATH_SEARCH_PATHS = "$(inherited) @executable_path/../Frameworks @loader_path/../Frameworks";
				PRODUCT_BUNDLE_IDENTIFIER = cdyer.DoughnutUITests;
				PRODUCT_NAME = "$(TARGET_NAME)";
				SWIFT_VERSION = 4.0;
				TEST_TARGET_NAME = Doughnut;
			};
			name = Debug;
		};
		838257F81F759F6F00DB4FD1 /* Release */ = {
			isa = XCBuildConfiguration;
			baseConfigurationReference = BEF72BD12131100ABCE132D0 /* Pods-DoughnutUITests.release.xcconfig */;
			buildSettings = {
				ALWAYS_EMBED_SWIFT_STANDARD_LIBRARIES = YES;
				CODE_SIGN_STYLE = Automatic;
				COMBINE_HIDPI_IMAGES = YES;
				DEVELOPMENT_TEAM = Y8C2QHZQ3Q;
				INFOPLIST_FILE = DoughnutUITests/Info.plist;
				LD_RUNPATH_SEARCH_PATHS = "$(inherited) @executable_path/../Frameworks @loader_path/../Frameworks";
				PRODUCT_BUNDLE_IDENTIFIER = cdyer.DoughnutUITests;
				PRODUCT_NAME = "$(TARGET_NAME)";
				SWIFT_VERSION = 4.0;
				TEST_TARGET_NAME = Doughnut;
			};
			name = Release;
		};
/* End XCBuildConfiguration section */

/* Begin XCConfigurationList section */
		838257C51F759F6F00DB4FD1 /* Build configuration list for PBXProject "Doughnut" */ = {
			isa = XCConfigurationList;
			buildConfigurations = (
				838257EE1F759F6F00DB4FD1 /* Debug */,
				830E12E51F7E43F500B35FD0 /* Test */,
				838257EF1F759F6F00DB4FD1 /* Release */,
			);
			defaultConfigurationIsVisible = 0;
			defaultConfigurationName = Release;
		};
		838257F01F759F6F00DB4FD1 /* Build configuration list for PBXNativeTarget "Doughnut" */ = {
			isa = XCConfigurationList;
			buildConfigurations = (
				838257F11F759F6F00DB4FD1 /* Debug */,
				830E12E61F7E43F500B35FD0 /* Test */,
				838257F21F759F6F00DB4FD1 /* Release */,
			);
			defaultConfigurationIsVisible = 0;
			defaultConfigurationName = Release;
		};
		838257F31F759F6F00DB4FD1 /* Build configuration list for PBXNativeTarget "DoughnutTests" */ = {
			isa = XCConfigurationList;
			buildConfigurations = (
				838257F41F759F6F00DB4FD1 /* Debug */,
				830E12E71F7E43F500B35FD0 /* Test */,
				838257F51F759F6F00DB4FD1 /* Release */,
			);
			defaultConfigurationIsVisible = 0;
			defaultConfigurationName = Release;
		};
		838257F61F759F6F00DB4FD1 /* Build configuration list for PBXNativeTarget "DoughnutUITests" */ = {
			isa = XCConfigurationList;
			buildConfigurations = (
				838257F71F759F6F00DB4FD1 /* Debug */,
				830E12E81F7E43F500B35FD0 /* Test */,
				838257F81F759F6F00DB4FD1 /* Release */,
			);
			defaultConfigurationIsVisible = 0;
			defaultConfigurationName = Release;
		};
/* End XCConfigurationList section */
	};
	rootObject = 838257C21F759F6F00DB4FD1 /* Project object */;
}
