// !$*UTF8*$!
{
	archiveVersion = 1;
	classes = {
	};
	objectVersion = 48;
	objects = {

/* Begin PBXBuildFile section */
		2AB07BF789841271ED80EA26 /* Pods_DoughnutUITests.framework in Frameworks */ = {isa = PBXBuildFile; fileRef = 25D4796441E8F7922FCDAF9A /* Pods_DoughnutUITests.framework */; };
		4125A143137AD05319B3DEFC /* Pods_Doughnut.framework in Frameworks */ = {isa = PBXBuildFile; fileRef = 2661E19A57B17099FC4ECCDD /* Pods_Doughnut.framework */; };
		5E0288D17E6858855545E02E /* Pods_DoughnutTests.framework in Frameworks */ = {isa = PBXBuildFile; fileRef = 6BE29F62CFF7B122D5C39998 /* Pods_DoughnutTests.framework */; };
		6B0233BD27B2CA6500500E28 /* ControlMenuProvider.swift in Sources */ = {isa = PBXBuildFile; fileRef = 6B0233BC27B2CA6500500E28 /* ControlMenuProvider.swift */; };
		6B0605C52788627D00A8A91E /* NSMenu+Extensions.swift in Sources */ = {isa = PBXBuildFile; fileRef = 6B0605C42788627D00A8A91E /* NSMenu+Extensions.swift */; };
		6B193AA427A286B800DB1379 /* ModalSheetSegue.swift in Sources */ = {isa = PBXBuildFile; fileRef = 6B193AA327A286B800DB1379 /* ModalSheetSegue.swift */; };
		6B23829B28029A410015FFBD /* detail.css in Resources */ = {isa = PBXBuildFile; fileRef = 6B23829A28029A410015FFBD /* detail.css */; };
		6B36624627CFB339008E1CA5 /* NSImage+Extensions.swift in Sources */ = {isa = PBXBuildFile; fileRef = 6B36624527CFB339008E1CA5 /* NSImage+Extensions.swift */; };
		6B3A75F8278F44F500F25578 /* NSView+Extensions.swift in Sources */ = {isa = PBXBuildFile; fileRef = 6B3A75F7278F44F500F25578 /* NSView+Extensions.swift */; };
		6B571B4827E74C31008E1534 /* ModelTests.dnl in Resources */ = {isa = PBXBuildFile; fileRef = 6B571B4727E74C31008E1534 /* ModelTests.dnl */; };
		6B571B4A27E7597A008E1534 /* EpisodeModelTests.swift in Sources */ = {isa = PBXBuildFile; fileRef = 6B571B4927E7597A008E1534 /* EpisodeModelTests.swift */; };
		6B5B39A327A448BF00234D82 /* NSButton+Extensions.swift in Sources */ = {isa = PBXBuildFile; fileRef = 6B5B39A227A448BF00234D82 /* NSButton+Extensions.swift */; };
		6B816BE927E71A1A00EED863 /* ModelTestCase.swift in Sources */ = {isa = PBXBuildFile; fileRef = 6B816BE827E71A1A00EED863 /* ModelTestCase.swift */; };
		6B816BEB27E71A2700EED863 /* DoughnutTestCase.swift in Sources */ = {isa = PBXBuildFile; fileRef = 6B816BEA27E71A2700EED863 /* DoughnutTestCase.swift */; };
		6B816BED27E71A6700EED863 /* PodcastModelTests.swift in Sources */ = {isa = PBXBuildFile; fileRef = 6B816BEC27E71A6700EED863 /* PodcastModelTests.swift */; };
		6B94DF4C278968F500BCB149 /* NSTableView+Extensions.swift in Sources */ = {isa = PBXBuildFile; fileRef = 6B94DF4B278968F500BCB149 /* NSTableView+Extensions.swift */; };
		6B96F45D27CE6F10001941BA /* PodcastSearchField.swift in Sources */ = {isa = PBXBuildFile; fileRef = 6B96F45C27CE6F10001941BA /* PodcastSearchField.swift */; };
		6B9C30BB27B5708300D462BE /* BaseTableView.swift in Sources */ = {isa = PBXBuildFile; fileRef = 6B9C30BA27B5708300D462BE /* BaseTableView.swift */; };
		6B9E154727C9EA5F00C919D5 /* AppIcon_Big_Sur.icns in Resources */ = {isa = PBXBuildFile; fileRef = 6B9E154627C9EA5F00C919D5 /* AppIcon_Big_Sur.icns */; };
		6BA06BCC27F07F8D006F9390 /* dsa_pub.pem in Resources */ = {isa = PBXBuildFile; fileRef = 6BA06BCB27F07F8D006F9390 /* dsa_pub.pem */; };
		6BA21C4F279D690700CD3672 /* WindowController+Toolbar.swift in Sources */ = {isa = PBXBuildFile; fileRef = 6BA21C4E279D690700CD3672 /* WindowController+Toolbar.swift */; };
		6BA21C57279D74D400CD3672 /* CrashReportViewController.swift in Sources */ = {isa = PBXBuildFile; fileRef = 6BA21C56279D74D400CD3672 /* CrashReportViewController.swift */; };
		6BA21C59279D74DC00CD3672 /* CrashReport.storyboard in Resources */ = {isa = PBXBuildFile; fileRef = 6BA21C58279D74DC00CD3672 /* CrashReport.storyboard */; };
		6BA21C5C279D7A1100CD3672 /* CrashReporter.swift in Sources */ = {isa = PBXBuildFile; fileRef = 6BA21C5B279D7A1100CD3672 /* CrashReporter.swift */; };
		6BB11F9C27A29B6E009CBAF8 /* CrashReportWindowController.swift in Sources */ = {isa = PBXBuildFile; fileRef = 6BB11F9B27A29B6E009CBAF8 /* CrashReportWindowController.swift */; };
		6BB5771E278602B400DFF99F /* MainMenu.storyboard in Resources */ = {isa = PBXBuildFile; fileRef = 6BB5771C278602B400DFF99F /* MainMenu.storyboard */; };
		6BC6395F27A6800500535897 /* Player+RemoteCommandCenter.swift in Sources */ = {isa = PBXBuildFile; fileRef = 6BC6395E27A6800500535897 /* Player+RemoteCommandCenter.swift */; };
		6BC6396127A687E400535897 /* Player+NowPlayingInfoCenter.swift in Sources */ = {isa = PBXBuildFile; fileRef = 6BC6396027A687E400535897 /* Player+NowPlayingInfoCenter.swift */; };
		6BC6396427A68E2100535897 /* CMTime+Extensions.swift in Sources */ = {isa = PBXBuildFile; fileRef = 6BC6396327A68E2100535897 /* CMTime+Extensions.swift */; };
		6BEB75D3280281FA00097BA6 /* NSAppearance+Extensions.swift in Sources */ = {isa = PBXBuildFile; fileRef = 6BEB75D2280281FA00097BA6 /* NSAppearance+Extensions.swift */; };
		6BF0902F283684B20035F99C /* detail.js in Resources */ = {isa = PBXBuildFile; fileRef = 6BADDDCB28367809006D763D /* detail.js */; };
		6BF126D12780727100D840A4 /* EpisodeInfo.storyboard in Resources */ = {isa = PBXBuildFile; fileRef = 6BF126D02780727100D840A4 /* EpisodeInfo.storyboard */; };
		6BF126D32780742600D840A4 /* PodcastInfo.storyboard in Resources */ = {isa = PBXBuildFile; fileRef = 6BF126D22780742600D840A4 /* PodcastInfo.storyboard */; };
		830A34031FF0447D00C13B1D /* PodcastUITests.swift in Sources */ = {isa = PBXBuildFile; fileRef = 830A34021FF0447D00C13B1D /* PodcastUITests.swift */; };
		830B159B1F7B97910086C121 /* PodcastCellView.swift in Sources */ = {isa = PBXBuildFile; fileRef = 830B159A1F7B97910086C121 /* PodcastCellView.swift */; };
		830E99BD1FF50DD000B728BE /* ActivityIndicator.swift in Sources */ = {isa = PBXBuildFile; fileRef = 830E99BC1FF50DD000B728BE /* ActivityIndicator.swift */; };
		831EBADA27CC120000F212B4 /* Credits.rtf in Resources */ = {isa = PBXBuildFile; fileRef = 831EBAD927CC11E700F212B4 /* Credits.rtf */; };
		83235BFE2009472900BC356F /* Preference.swift in Sources */ = {isa = PBXBuildFile; fileRef = 83235BF6200945D900BC356F /* Preference.swift */; };
		83235C012009472F00BC356F /* PrefGeneralViewController.swift in Sources */ = {isa = PBXBuildFile; fileRef = 83235BF8200945D900BC356F /* PrefGeneralViewController.swift */; };
		83235C042009473200BC356F /* PrefLibraryViewController.swift in Sources */ = {isa = PBXBuildFile; fileRef = 83235BF9200945D900BC356F /* PrefLibraryViewController.swift */; };
		83235C072009473500BC356F /* PrefPlaybackViewController.swift in Sources */ = {isa = PBXBuildFile; fileRef = 83235BFA200945D900BC356F /* PrefPlaybackViewController.swift */; };
		83235C0D2009502D00BC356F /* Preferences.storyboard in Resources */ = {isa = PBXBuildFile; fileRef = 83235BF7200945D900BC356F /* Preferences.storyboard */; };
		832A04341F76EBDC00C92D25 /* WindowController.swift in Sources */ = {isa = PBXBuildFile; fileRef = 832A04331F76EBDC00C92D25 /* WindowController.swift */; };
		8335D48C1F856E120060D8D8 /* ValidFeedx3.xml in Resources */ = {isa = PBXBuildFile; fileRef = 8335D48B1F856E120060D8D8 /* ValidFeedx3.xml */; };
		8335D48D1F8571150060D8D8 /* enclosure.mp3 in Resources */ = {isa = PBXBuildFile; fileRef = 83D4CA5B1F7C3848002EDC36 /* enclosure.mp3 */; };
		8335F3AF1F90B5F700722DBC /* LibrarySpyDelegate.swift in Sources */ = {isa = PBXBuildFile; fileRef = 8335F3AE1F90B5F700722DBC /* LibrarySpyDelegate.swift */; };
		8335F3B11F90B63F00722DBC /* LibraryTestsWithSubscription.swift in Sources */ = {isa = PBXBuildFile; fileRef = 8335F3B01F90B63F00722DBC /* LibraryTestsWithSubscription.swift */; };
		8341B83B1F7BEB0500B50A5D /* Migrations.swift in Sources */ = {isa = PBXBuildFile; fileRef = 8341B83A1F7BEB0500B50A5D /* Migrations.swift */; };
		8343426A1F802C1400913C0B /* EpisodeFilterViewController.swift in Sources */ = {isa = PBXBuildFile; fileRef = 834342691F802C1400913C0B /* EpisodeFilterViewController.swift */; };
		834998B61FF3E3F00035EF87 /* TaskManagerView.swift in Sources */ = {isa = PBXBuildFile; fileRef = 834998B51FF3E3F00035EF87 /* TaskManagerView.swift */; };
		834CC1B01F95076F00A98DE9 /* MarkupGenerator.swift in Sources */ = {isa = PBXBuildFile; fileRef = 834CC1AF1F95076F00A98DE9 /* MarkupGenerator.swift */; };
		834CC1B31F950ABA00A98DE9 /* DetailWebView.swift in Sources */ = {isa = PBXBuildFile; fileRef = 834CC1B21F950ABA00A98DE9 /* DetailWebView.swift */; };
		83504DD61FFC377700375BA0 /* EpisodeDownloadTask.swift in Sources */ = {isa = PBXBuildFile; fileRef = 83504DD51FFC377700375BA0 /* EpisodeDownloadTask.swift */; };
		83659AB81F7D8A0300E09833 /* Podcast.swift in Sources */ = {isa = PBXBuildFile; fileRef = 83659AB71F7D8A0300E09833 /* Podcast.swift */; };
		83667DF01F76D20C00F1ABC0 /* PodcastViewController.swift in Sources */ = {isa = PBXBuildFile; fileRef = 83667DEF1F76D20C00F1ABC0 /* PodcastViewController.swift */; };
		83667DF21F76D21900F1ABC0 /* EpisodeViewController.swift in Sources */ = {isa = PBXBuildFile; fileRef = 83667DF11F76D21900F1ABC0 /* EpisodeViewController.swift */; };
		83667DF41F76D22600F1ABC0 /* DetailViewController.swift in Sources */ = {isa = PBXBuildFile; fileRef = 83667DF31F76D22600F1ABC0 /* DetailViewController.swift */; };
		837068131F7BBD63007FE973 /* EpisodeCellView.swift in Sources */ = {isa = PBXBuildFile; fileRef = 837068121F7BBD63007FE973 /* EpisodeCellView.swift */; };
		8379899B1F81616C00234577 /* SeekSlider.swift in Sources */ = {isa = PBXBuildFile; fileRef = 8379899A1F81616C00234577 /* SeekSlider.swift */; };
		837D52BE1F8E622200C17514 /* TasksViewController.swift in Sources */ = {isa = PBXBuildFile; fileRef = 837D52BD1F8E622200C17514 /* TasksViewController.swift */; };
		838257CE1F759F6F00DB4FD1 /* AppDelegate.swift in Sources */ = {isa = PBXBuildFile; fileRef = 838257CD1F759F6F00DB4FD1 /* AppDelegate.swift */; };
		838257D01F759F6F00DB4FD1 /* ViewController.swift in Sources */ = {isa = PBXBuildFile; fileRef = 838257CF1F759F6F00DB4FD1 /* ViewController.swift */; };
		838257D21F759F6F00DB4FD1 /* Assets.xcassets in Resources */ = {isa = PBXBuildFile; fileRef = 838257D11F759F6F00DB4FD1 /* Assets.xcassets */; };
		838257D51F759F6F00DB4FD1 /* Main.storyboard in Resources */ = {isa = PBXBuildFile; fileRef = 838257D31F759F6F00DB4FD1 /* Main.storyboard */; };
		838257EC1F759F6F00DB4FD1 /* DoughnutUITests.swift in Sources */ = {isa = PBXBuildFile; fileRef = 838257EB1F759F6F00DB4FD1 /* DoughnutUITests.swift */; };
		8389709C20069D720094795D /* SortingMenuProvider.swift in Sources */ = {isa = PBXBuildFile; fileRef = 8389709B20069D720094795D /* SortingMenuProvider.swift */; };
		839A32811FF9831B002D2023 /* ShowEpisodeWindow.swift in Sources */ = {isa = PBXBuildFile; fileRef = 839A32801FF9831B002D2023 /* ShowEpisodeWindow.swift */; };
		839DBDA41FEEE658007610EF /* ShowPodcastWindow.swift in Sources */ = {isa = PBXBuildFile; fileRef = 839DBDA31FEEE658007610EF /* ShowPodcastWindow.swift */; };
		839DBDA71FEEEA81007610EF /* BackgroundView.swift in Sources */ = {isa = PBXBuildFile; fileRef = 839DBDA61FEEEA81007610EF /* BackgroundView.swift */; };
		83A0D4831FFC2FA400A376FD /* TaskQueue.swift in Sources */ = {isa = PBXBuildFile; fileRef = 83A0D4821FFC2FA400A376FD /* TaskQueue.swift */; };
		83BA22E31F994EA6006BF58A /* DoughnutApp.swift in Sources */ = {isa = PBXBuildFile; fileRef = 83BA22E21F994EA6006BF58A /* DoughnutApp.swift */; };
		83D4CA561F7C36DE002EDC36 /* LibraryTestsWithoutSubscriptions.swift in Sources */ = {isa = PBXBuildFile; fileRef = 83D4CA551F7C36DE002EDC36 /* LibraryTestsWithoutSubscriptions.swift */; };
		83D4CA5A1F7C3779002EDC36 /* ValidFeed.xml in Resources */ = {isa = PBXBuildFile; fileRef = 83D4CA591F7C3779002EDC36 /* ValidFeed.xml */; };
		83D4CA5D1F7C3902002EDC36 /* LibraryTestCase.swift in Sources */ = {isa = PBXBuildFile; fileRef = 83D4CA5C1F7C3902002EDC36 /* LibraryTestCase.swift */; };
		83D59CF71F7ED15C00F25A66 /* Episode.swift in Sources */ = {isa = PBXBuildFile; fileRef = 83D59CF61F7ED15C00F25A66 /* Episode.swift */; };
		83D9710A1F812B270091822A /* Player.swift in Sources */ = {isa = PBXBuildFile; fileRef = 83D971091F812B270091822A /* Player.swift */; };
		83D9710C1F812E910091822A /* PlayerView.swift in Sources */ = {isa = PBXBuildFile; fileRef = 83D9710B1F812E910091822A /* PlayerView.swift */; };
		83DB16DC1F93E34B0062B266 /* Utils.swift in Sources */ = {isa = PBXBuildFile; fileRef = 83DB16DB1F93E34B0062B266 /* Utils.swift */; };
		83DB16DE1F93F1CE0062B266 /* LibraryUtils.swift in Sources */ = {isa = PBXBuildFile; fileRef = 83DB16DD1F93F1CE0062B266 /* LibraryUtils.swift */; };
		83DB16E11F93FB460062B266 /* SubscribeViewController.swift in Sources */ = {isa = PBXBuildFile; fileRef = 83DB16E01F93FB460062B266 /* SubscribeViewController.swift */; };
		83E95A5E1FFBCA3C00C6AABF /* Storage.swift in Sources */ = {isa = PBXBuildFile; fileRef = 83E95A5D1FFBCA3C00C6AABF /* Storage.swift */; };
		83FB4EB81F7BD9A1001CD842 /* Library.swift in Sources */ = {isa = PBXBuildFile; fileRef = 83FB4EB71F7BD9A1001CD842 /* Library.swift */; };
/* End PBXBuildFile section */

/* Begin PBXContainerItemProxy section */
		838257DD1F759F6F00DB4FD1 /* PBXContainerItemProxy */ = {
			isa = PBXContainerItemProxy;
			containerPortal = 838257C21F759F6F00DB4FD1 /* Project object */;
			proxyType = 1;
			remoteGlobalIDString = 838257C91F759F6F00DB4FD1;
			remoteInfo = Doughnut;
		};
		838257E81F759F6F00DB4FD1 /* PBXContainerItemProxy */ = {
			isa = PBXContainerItemProxy;
			containerPortal = 838257C21F759F6F00DB4FD1 /* Project object */;
			proxyType = 1;
			remoteGlobalIDString = 838257C91F759F6F00DB4FD1;
			remoteInfo = Doughnut;
		};
/* End PBXContainerItemProxy section */

/* Begin PBXFileReference section */
		25D4796441E8F7922FCDAF9A /* Pods_DoughnutUITests.framework */ = {isa = PBXFileReference; explicitFileType = wrapper.framework; includeInIndex = 0; path = Pods_DoughnutUITests.framework; sourceTree = BUILT_PRODUCTS_DIR; };
		2661E19A57B17099FC4ECCDD /* Pods_Doughnut.framework */ = {isa = PBXFileReference; explicitFileType = wrapper.framework; includeInIndex = 0; path = Pods_Doughnut.framework; sourceTree = BUILT_PRODUCTS_DIR; };
		368B5540FC7D1B6258BCF776 /* Pods-DoughnutUITests.debug.xcconfig */ = {isa = PBXFileReference; includeInIndex = 1; lastKnownFileType = text.xcconfig; name = "Pods-DoughnutUITests.debug.xcconfig"; path = "Pods/Target Support Files/Pods-DoughnutUITests/Pods-DoughnutUITests.debug.xcconfig"; sourceTree = "<group>"; };
		5E1DC050EEE121FD033C44DF /* Pods-Doughnut.debug.xcconfig */ = {isa = PBXFileReference; includeInIndex = 1; lastKnownFileType = text.xcconfig; name = "Pods-Doughnut.debug.xcconfig"; path = "Pods/Target Support Files/Pods-Doughnut/Pods-Doughnut.debug.xcconfig"; sourceTree = "<group>"; };
		6B0233BC27B2CA6500500E28 /* ControlMenuProvider.swift */ = {isa = PBXFileReference; lastKnownFileType = sourcecode.swift; path = ControlMenuProvider.swift; sourceTree = "<group>"; };
		6B0605C42788627D00A8A91E /* NSMenu+Extensions.swift */ = {isa = PBXFileReference; lastKnownFileType = sourcecode.swift; path = "NSMenu+Extensions.swift"; sourceTree = "<group>"; };
		6B193AA327A286B800DB1379 /* ModalSheetSegue.swift */ = {isa = PBXFileReference; lastKnownFileType = sourcecode.swift; path = ModalSheetSegue.swift; sourceTree = "<group>"; };
		6B23829A28029A410015FFBD /* detail.css */ = {isa = PBXFileReference; fileEncoding = 4; lastKnownFileType = text.css; path = detail.css; sourceTree = "<group>"; };
		6B36624527CFB339008E1CA5 /* NSImage+Extensions.swift */ = {isa = PBXFileReference; lastKnownFileType = sourcecode.swift; path = "NSImage+Extensions.swift"; sourceTree = "<group>"; };
		6B3A75F7278F44F500F25578 /* NSView+Extensions.swift */ = {isa = PBXFileReference; lastKnownFileType = sourcecode.swift; path = "NSView+Extensions.swift"; sourceTree = "<group>"; };
		6B3ACC982773555700CF1EF1 /* .swiftlint.yml */ = {isa = PBXFileReference; lastKnownFileType = text.yaml; path = .swiftlint.yml; sourceTree = "<group>"; };
		6B571B4727E74C31008E1534 /* ModelTests.dnl */ = {isa = PBXFileReference; lastKnownFileType = file; path = ModelTests.dnl; sourceTree = "<group>"; };
		6B571B4927E7597A008E1534 /* EpisodeModelTests.swift */ = {isa = PBXFileReference; fileEncoding = 4; lastKnownFileType = sourcecode.swift; path = EpisodeModelTests.swift; sourceTree = "<group>"; };
		6B5B39A227A448BF00234D82 /* NSButton+Extensions.swift */ = {isa = PBXFileReference; lastKnownFileType = sourcecode.swift; path = "NSButton+Extensions.swift"; sourceTree = "<group>"; };
		6B730B732767A90900FB5F84 /* Doughnut-Release.entitlements */ = {isa = PBXFileReference; lastKnownFileType = text.plist.entitlements; path = "Doughnut-Release.entitlements"; sourceTree = "<group>"; };
		6B816BE827E71A1A00EED863 /* ModelTestCase.swift */ = {isa = PBXFileReference; lastKnownFileType = sourcecode.swift; path = ModelTestCase.swift; sourceTree = "<group>"; };
		6B816BEA27E71A2700EED863 /* DoughnutTestCase.swift */ = {isa = PBXFileReference; lastKnownFileType = sourcecode.swift; path = DoughnutTestCase.swift; sourceTree = "<group>"; };
		6B816BEC27E71A6700EED863 /* PodcastModelTests.swift */ = {isa = PBXFileReference; lastKnownFileType = sourcecode.swift; path = PodcastModelTests.swift; sourceTree = "<group>"; };
		6B94DF4B278968F500BCB149 /* NSTableView+Extensions.swift */ = {isa = PBXFileReference; lastKnownFileType = sourcecode.swift; path = "NSTableView+Extensions.swift"; sourceTree = "<group>"; };
		6B96F45C27CE6F10001941BA /* PodcastSearchField.swift */ = {isa = PBXFileReference; lastKnownFileType = sourcecode.swift; path = PodcastSearchField.swift; sourceTree = "<group>"; };
		6B9C30BA27B5708300D462BE /* BaseTableView.swift */ = {isa = PBXFileReference; lastKnownFileType = sourcecode.swift; path = BaseTableView.swift; sourceTree = "<group>"; };
		6B9E154627C9EA5F00C919D5 /* AppIcon_Big_Sur.icns */ = {isa = PBXFileReference; lastKnownFileType = image.icns; path = AppIcon_Big_Sur.icns; sourceTree = "<group>"; };
		6BA06BCB27F07F8D006F9390 /* dsa_pub.pem */ = {isa = PBXFileReference; fileEncoding = 4; lastKnownFileType = text; path = dsa_pub.pem; sourceTree = "<group>"; };
		6BA21C4E279D690700CD3672 /* WindowController+Toolbar.swift */ = {isa = PBXFileReference; lastKnownFileType = sourcecode.swift; path = "WindowController+Toolbar.swift"; sourceTree = "<group>"; };
		6BA21C56279D74D400CD3672 /* CrashReportViewController.swift */ = {isa = PBXFileReference; lastKnownFileType = sourcecode.swift; path = CrashReportViewController.swift; sourceTree = "<group>"; };
		6BA21C58279D74DC00CD3672 /* CrashReport.storyboard */ = {isa = PBXFileReference; lastKnownFileType = file.storyboard; path = CrashReport.storyboard; sourceTree = "<group>"; };
		6BA21C5B279D7A1100CD3672 /* CrashReporter.swift */ = {isa = PBXFileReference; lastKnownFileType = sourcecode.swift; path = CrashReporter.swift; sourceTree = "<group>"; };
		6BADDDCB28367809006D763D /* detail.js */ = {isa = PBXFileReference; lastKnownFileType = sourcecode.javascript; path = detail.js; sourceTree = "<group>"; };
		6BB11F9B27A29B6E009CBAF8 /* CrashReportWindowController.swift */ = {isa = PBXFileReference; lastKnownFileType = sourcecode.swift; path = CrashReportWindowController.swift; sourceTree = "<group>"; };
		6BB5771D278602B400DFF99F /* Base */ = {isa = PBXFileReference; lastKnownFileType = file.storyboard; name = Base; path = Base.lproj/MainMenu.storyboard; sourceTree = "<group>"; };
		6BC6395E27A6800500535897 /* Player+RemoteCommandCenter.swift */ = {isa = PBXFileReference; lastKnownFileType = sourcecode.swift; path = "Player+RemoteCommandCenter.swift"; sourceTree = "<group>"; };
		6BC6396027A687E400535897 /* Player+NowPlayingInfoCenter.swift */ = {isa = PBXFileReference; lastKnownFileType = sourcecode.swift; path = "Player+NowPlayingInfoCenter.swift"; sourceTree = "<group>"; };
		6BC6396327A68E2100535897 /* CMTime+Extensions.swift */ = {isa = PBXFileReference; lastKnownFileType = sourcecode.swift; path = "CMTime+Extensions.swift"; sourceTree = "<group>"; };
		6BE29F62CFF7B122D5C39998 /* Pods_DoughnutTests.framework */ = {isa = PBXFileReference; explicitFileType = wrapper.framework; includeInIndex = 0; path = Pods_DoughnutTests.framework; sourceTree = BUILT_PRODUCTS_DIR; };
		6BEB75D2280281FA00097BA6 /* NSAppearance+Extensions.swift */ = {isa = PBXFileReference; lastKnownFileType = sourcecode.swift; path = "NSAppearance+Extensions.swift"; sourceTree = "<group>"; };
		6BF126D02780727100D840A4 /* EpisodeInfo.storyboard */ = {isa = PBXFileReference; lastKnownFileType = file.storyboard; path = EpisodeInfo.storyboard; sourceTree = "<group>"; };
		6BF126D22780742600D840A4 /* PodcastInfo.storyboard */ = {isa = PBXFileReference; lastKnownFileType = file.storyboard; path = PodcastInfo.storyboard; sourceTree = "<group>"; };
		830A34021FF0447D00C13B1D /* PodcastUITests.swift */ = {isa = PBXFileReference; lastKnownFileType = sourcecode.swift; path = PodcastUITests.swift; sourceTree = "<group>"; };
		830B159A1F7B97910086C121 /* PodcastCellView.swift */ = {isa = PBXFileReference; lastKnownFileType = sourcecode.swift; path = PodcastCellView.swift; sourceTree = "<group>"; };
		830E99BC1FF50DD000B728BE /* ActivityIndicator.swift */ = {isa = PBXFileReference; lastKnownFileType = sourcecode.swift; path = ActivityIndicator.swift; sourceTree = "<group>"; };
		831EBAD927CC11E700F212B4 /* Credits.rtf */ = {isa = PBXFileReference; lastKnownFileType = text.rtf; path = Credits.rtf; sourceTree = "<group>"; };
		83235BF6200945D900BC356F /* Preference.swift */ = {isa = PBXFileReference; lastKnownFileType = sourcecode.swift; path = Preference.swift; sourceTree = "<group>"; };
		83235BF7200945D900BC356F /* Preferences.storyboard */ = {isa = PBXFileReference; lastKnownFileType = file.storyboard; path = Preferences.storyboard; sourceTree = "<group>"; };
		83235BF8200945D900BC356F /* PrefGeneralViewController.swift */ = {isa = PBXFileReference; lastKnownFileType = sourcecode.swift; path = PrefGeneralViewController.swift; sourceTree = "<group>"; };
		83235BF9200945D900BC356F /* PrefLibraryViewController.swift */ = {isa = PBXFileReference; lastKnownFileType = sourcecode.swift; path = PrefLibraryViewController.swift; sourceTree = "<group>"; };
		83235BFA200945D900BC356F /* PrefPlaybackViewController.swift */ = {isa = PBXFileReference; lastKnownFileType = sourcecode.swift; path = PrefPlaybackViewController.swift; sourceTree = "<group>"; };
		832A04331F76EBDC00C92D25 /* WindowController.swift */ = {isa = PBXFileReference; lastKnownFileType = sourcecode.swift; path = WindowController.swift; sourceTree = "<group>"; };
		832BB7511F95184700988AE8 /* Doughnut-Bridging-Header.h */ = {isa = PBXFileReference; lastKnownFileType = sourcecode.c.h; path = "Doughnut-Bridging-Header.h"; sourceTree = "<group>"; };
		8335D48B1F856E120060D8D8 /* ValidFeedx3.xml */ = {isa = PBXFileReference; lastKnownFileType = text.xml; path = ValidFeedx3.xml; sourceTree = "<group>"; };
		8335F3AE1F90B5F700722DBC /* LibrarySpyDelegate.swift */ = {isa = PBXFileReference; lastKnownFileType = sourcecode.swift; path = LibrarySpyDelegate.swift; sourceTree = "<group>"; };
		8335F3B01F90B63F00722DBC /* LibraryTestsWithSubscription.swift */ = {isa = PBXFileReference; lastKnownFileType = sourcecode.swift; path = LibraryTestsWithSubscription.swift; sourceTree = "<group>"; };
		8341B83A1F7BEB0500B50A5D /* Migrations.swift */ = {isa = PBXFileReference; lastKnownFileType = sourcecode.swift; path = Migrations.swift; sourceTree = "<group>"; };
		834342691F802C1400913C0B /* EpisodeFilterViewController.swift */ = {isa = PBXFileReference; lastKnownFileType = sourcecode.swift; path = EpisodeFilterViewController.swift; sourceTree = "<group>"; };
		834998B51FF3E3F00035EF87 /* TaskManagerView.swift */ = {isa = PBXFileReference; lastKnownFileType = sourcecode.swift; path = TaskManagerView.swift; sourceTree = "<group>"; };
		834CC1AF1F95076F00A98DE9 /* MarkupGenerator.swift */ = {isa = PBXFileReference; lastKnownFileType = sourcecode.swift; path = MarkupGenerator.swift; sourceTree = "<group>"; };
		834CC1B21F950ABA00A98DE9 /* DetailWebView.swift */ = {isa = PBXFileReference; lastKnownFileType = sourcecode.swift; path = DetailWebView.swift; sourceTree = "<group>"; };
		83504DD51FFC377700375BA0 /* EpisodeDownloadTask.swift */ = {isa = PBXFileReference; lastKnownFileType = sourcecode.swift; path = EpisodeDownloadTask.swift; sourceTree = "<group>"; };
		83659AB71F7D8A0300E09833 /* Podcast.swift */ = {isa = PBXFileReference; lastKnownFileType = sourcecode.swift; path = Podcast.swift; sourceTree = "<group>"; };
		83667DEF1F76D20C00F1ABC0 /* PodcastViewController.swift */ = {isa = PBXFileReference; lastKnownFileType = sourcecode.swift; path = PodcastViewController.swift; sourceTree = "<group>"; };
		83667DF11F76D21900F1ABC0 /* EpisodeViewController.swift */ = {isa = PBXFileReference; lastKnownFileType = sourcecode.swift; path = EpisodeViewController.swift; sourceTree = "<group>"; };
		83667DF31F76D22600F1ABC0 /* DetailViewController.swift */ = {isa = PBXFileReference; lastKnownFileType = sourcecode.swift; path = DetailViewController.swift; sourceTree = "<group>"; };
		837068121F7BBD63007FE973 /* EpisodeCellView.swift */ = {isa = PBXFileReference; lastKnownFileType = sourcecode.swift; path = EpisodeCellView.swift; sourceTree = "<group>"; };
		8379899A1F81616C00234577 /* SeekSlider.swift */ = {isa = PBXFileReference; lastKnownFileType = sourcecode.swift; path = SeekSlider.swift; sourceTree = "<group>"; };
		837D52BD1F8E622200C17514 /* TasksViewController.swift */ = {isa = PBXFileReference; lastKnownFileType = sourcecode.swift; path = TasksViewController.swift; sourceTree = "<group>"; };
		838257CA1F759F6F00DB4FD1 /* Doughnut.app */ = {isa = PBXFileReference; explicitFileType = wrapper.application; includeInIndex = 0; path = Doughnut.app; sourceTree = BUILT_PRODUCTS_DIR; };
		838257CD1F759F6F00DB4FD1 /* AppDelegate.swift */ = {isa = PBXFileReference; lastKnownFileType = sourcecode.swift; path = AppDelegate.swift; sourceTree = "<group>"; };
		838257CF1F759F6F00DB4FD1 /* ViewController.swift */ = {isa = PBXFileReference; lastKnownFileType = sourcecode.swift; path = ViewController.swift; sourceTree = "<group>"; };
		838257D11F759F6F00DB4FD1 /* Assets.xcassets */ = {isa = PBXFileReference; lastKnownFileType = folder.assetcatalog; path = Assets.xcassets; sourceTree = "<group>"; };
		838257D41F759F6F00DB4FD1 /* Base */ = {isa = PBXFileReference; lastKnownFileType = file.storyboard; name = Base; path = Base.lproj/Main.storyboard; sourceTree = "<group>"; };
		838257D61F759F6F00DB4FD1 /* Info.plist */ = {isa = PBXFileReference; lastKnownFileType = text.plist.xml; path = Info.plist; sourceTree = "<group>"; };
		838257D71F759F6F00DB4FD1 /* Doughnut-Debug.entitlements */ = {isa = PBXFileReference; lastKnownFileType = text.plist.entitlements; path = "Doughnut-Debug.entitlements"; sourceTree = "<group>"; };
		838257DC1F759F6F00DB4FD1 /* DoughnutTests.xctest */ = {isa = PBXFileReference; explicitFileType = wrapper.cfbundle; includeInIndex = 0; path = DoughnutTests.xctest; sourceTree = BUILT_PRODUCTS_DIR; };
		838257E21F759F6F00DB4FD1 /* Info.plist */ = {isa = PBXFileReference; lastKnownFileType = text.plist.xml; path = Info.plist; sourceTree = "<group>"; };
		838257E71F759F6F00DB4FD1 /* DoughnutUITests.xctest */ = {isa = PBXFileReference; explicitFileType = wrapper.cfbundle; includeInIndex = 0; path = DoughnutUITests.xctest; sourceTree = BUILT_PRODUCTS_DIR; };
		838257EB1F759F6F00DB4FD1 /* DoughnutUITests.swift */ = {isa = PBXFileReference; lastKnownFileType = sourcecode.swift; path = DoughnutUITests.swift; sourceTree = "<group>"; };
		838257ED1F759F6F00DB4FD1 /* Info.plist */ = {isa = PBXFileReference; lastKnownFileType = text.plist.xml; path = Info.plist; sourceTree = "<group>"; };
		8389709B20069D720094795D /* SortingMenuProvider.swift */ = {isa = PBXFileReference; lastKnownFileType = sourcecode.swift; path = SortingMenuProvider.swift; sourceTree = "<group>"; };
		839A32801FF9831B002D2023 /* ShowEpisodeWindow.swift */ = {isa = PBXFileReference; lastKnownFileType = sourcecode.swift; path = ShowEpisodeWindow.swift; sourceTree = "<group>"; };
		839DBDA31FEEE658007610EF /* ShowPodcastWindow.swift */ = {isa = PBXFileReference; lastKnownFileType = sourcecode.swift; path = ShowPodcastWindow.swift; sourceTree = "<group>"; };
		839DBDA61FEEEA81007610EF /* BackgroundView.swift */ = {isa = PBXFileReference; lastKnownFileType = sourcecode.swift; path = BackgroundView.swift; sourceTree = "<group>"; };
		83A0D4821FFC2FA400A376FD /* TaskQueue.swift */ = {isa = PBXFileReference; lastKnownFileType = sourcecode.swift; path = TaskQueue.swift; sourceTree = "<group>"; };
		83BA22E21F994EA6006BF58A /* DoughnutApp.swift */ = {isa = PBXFileReference; lastKnownFileType = sourcecode.swift; path = DoughnutApp.swift; sourceTree = "<group>"; };
		83D4CA551F7C36DE002EDC36 /* LibraryTestsWithoutSubscriptions.swift */ = {isa = PBXFileReference; lastKnownFileType = sourcecode.swift; path = LibraryTestsWithoutSubscriptions.swift; sourceTree = "<group>"; };
		83D4CA581F7C3763002EDC36 /* image.jpg */ = {isa = PBXFileReference; lastKnownFileType = image.jpeg; path = image.jpg; sourceTree = "<group>"; };
		83D4CA591F7C3779002EDC36 /* ValidFeed.xml */ = {isa = PBXFileReference; lastKnownFileType = text.xml; path = ValidFeed.xml; sourceTree = "<group>"; };
		83D4CA5B1F7C3848002EDC36 /* enclosure.mp3 */ = {isa = PBXFileReference; lastKnownFileType = audio.mp3; path = enclosure.mp3; sourceTree = "<group>"; };
		83D4CA5C1F7C3902002EDC36 /* LibraryTestCase.swift */ = {isa = PBXFileReference; lastKnownFileType = sourcecode.swift; path = LibraryTestCase.swift; sourceTree = "<group>"; };
		83D59CF61F7ED15C00F25A66 /* Episode.swift */ = {isa = PBXFileReference; lastKnownFileType = sourcecode.swift; path = Episode.swift; sourceTree = "<group>"; };
		83D971091F812B270091822A /* Player.swift */ = {isa = PBXFileReference; lastKnownFileType = sourcecode.swift; path = Player.swift; sourceTree = "<group>"; };
		83D9710B1F812E910091822A /* PlayerView.swift */ = {isa = PBXFileReference; lastKnownFileType = sourcecode.swift; path = PlayerView.swift; sourceTree = "<group>"; };
		83DB16DB1F93E34B0062B266 /* Utils.swift */ = {isa = PBXFileReference; lastKnownFileType = sourcecode.swift; path = Utils.swift; sourceTree = "<group>"; };
		83DB16DD1F93F1CE0062B266 /* LibraryUtils.swift */ = {isa = PBXFileReference; lastKnownFileType = sourcecode.swift; path = LibraryUtils.swift; sourceTree = "<group>"; };
		83DB16E01F93FB460062B266 /* SubscribeViewController.swift */ = {isa = PBXFileReference; lastKnownFileType = sourcecode.swift; path = SubscribeViewController.swift; sourceTree = "<group>"; };
		83E95A5D1FFBCA3C00C6AABF /* Storage.swift */ = {isa = PBXFileReference; lastKnownFileType = sourcecode.swift; path = Storage.swift; sourceTree = "<group>"; };
		83FB4EB71F7BD9A1001CD842 /* Library.swift */ = {isa = PBXFileReference; lastKnownFileType = sourcecode.swift; path = Library.swift; sourceTree = "<group>"; };
		83FB4EBA1F7BD9DF001CD842 /* FeedKit.framework */ = {isa = PBXFileReference; lastKnownFileType = wrapper.framework; name = FeedKit.framework; path = Carthage/Build/Mac/FeedKit.framework; sourceTree = "<group>"; };
		BA7A57F62DAF0A2C3DA2C7AF /* Pods-Doughnut.release.xcconfig */ = {isa = PBXFileReference; includeInIndex = 1; lastKnownFileType = text.xcconfig; name = "Pods-Doughnut.release.xcconfig"; path = "Pods/Target Support Files/Pods-Doughnut/Pods-Doughnut.release.xcconfig"; sourceTree = "<group>"; };
		BB240160D5A85A2E90992A2D /* Pods-DoughnutTests.debug.xcconfig */ = {isa = PBXFileReference; includeInIndex = 1; lastKnownFileType = text.xcconfig; name = "Pods-DoughnutTests.debug.xcconfig"; path = "Pods/Target Support Files/Pods-DoughnutTests/Pods-DoughnutTests.debug.xcconfig"; sourceTree = "<group>"; };
		BEF72BD12131100ABCE132D0 /* Pods-DoughnutUITests.release.xcconfig */ = {isa = PBXFileReference; includeInIndex = 1; lastKnownFileType = text.xcconfig; name = "Pods-DoughnutUITests.release.xcconfig"; path = "Pods/Target Support Files/Pods-DoughnutUITests/Pods-DoughnutUITests.release.xcconfig"; sourceTree = "<group>"; };
		E8FE469000F310C792708BC9 /* Pods-DoughnutUITests.test.xcconfig */ = {isa = PBXFileReference; includeInIndex = 1; lastKnownFileType = text.xcconfig; name = "Pods-DoughnutUITests.test.xcconfig"; path = "Pods/Target Support Files/Pods-DoughnutUITests/Pods-DoughnutUITests.test.xcconfig"; sourceTree = "<group>"; };
		F3B8FFE666B9868F9A10D249 /* Pods-DoughnutTests.test.xcconfig */ = {isa = PBXFileReference; includeInIndex = 1; lastKnownFileType = text.xcconfig; name = "Pods-DoughnutTests.test.xcconfig"; path = "Pods/Target Support Files/Pods-DoughnutTests/Pods-DoughnutTests.test.xcconfig"; sourceTree = "<group>"; };
		F42DD5B957A39D2CA878BEA8 /* Pods-Doughnut.test.xcconfig */ = {isa = PBXFileReference; includeInIndex = 1; lastKnownFileType = text.xcconfig; name = "Pods-Doughnut.test.xcconfig"; path = "Pods/Target Support Files/Pods-Doughnut/Pods-Doughnut.test.xcconfig"; sourceTree = "<group>"; };
		F9F9819E5AC05F35AC9BF7E6 /* Pods-DoughnutTests.release.xcconfig */ = {isa = PBXFileReference; includeInIndex = 1; lastKnownFileType = text.xcconfig; name = "Pods-DoughnutTests.release.xcconfig"; path = "Pods/Target Support Files/Pods-DoughnutTests/Pods-DoughnutTests.release.xcconfig"; sourceTree = "<group>"; };
/* End PBXFileReference section */

/* Begin PBXFrameworksBuildPhase section */
		838257C71F759F6F00DB4FD1 /* Frameworks */ = {
			isa = PBXFrameworksBuildPhase;
			buildActionMask = 2147483647;
			files = (
				4125A143137AD05319B3DEFC /* Pods_Doughnut.framework in Frameworks */,
			);
			runOnlyForDeploymentPostprocessing = 0;
		};
		838257D91F759F6F00DB4FD1 /* Frameworks */ = {
			isa = PBXFrameworksBuildPhase;
			buildActionMask = 2147483647;
			files = (
				5E0288D17E6858855545E02E /* Pods_DoughnutTests.framework in Frameworks */,
			);
			runOnlyForDeploymentPostprocessing = 0;
		};
		838257E41F759F6F00DB4FD1 /* Frameworks */ = {
			isa = PBXFrameworksBuildPhase;
			buildActionMask = 2147483647;
			files = (
				2AB07BF789841271ED80EA26 /* Pods_DoughnutUITests.framework in Frameworks */,
			);
			runOnlyForDeploymentPostprocessing = 0;
		};
/* End PBXFrameworksBuildPhase section */

/* Begin PBXGroup section */
		6B0605BF2788624B00A8A91E /* Utilities */ = {
			isa = PBXGroup;
			children = (
				6B193AA327A286B800DB1379 /* ModalSheetSegue.swift */,
				6B0605C22788626600A8A91E /* Extensions */,
			);
			path = Utilities;
			sourceTree = "<group>";
		};
		6B0605C22788626600A8A91E /* Extensions */ = {
			isa = PBXGroup;
			children = (
				6B0605C32788626F00A8A91E /* AppKit */,
				6BC6396227A68E0C00535897 /* CoreMedia */,
			);
			name = Extensions;
			sourceTree = "<group>";
		};
		6B0605C32788626F00A8A91E /* AppKit */ = {
			isa = PBXGroup;
			children = (
				6BEB75D2280281FA00097BA6 /* NSAppearance+Extensions.swift */,
				6B5B39A227A448BF00234D82 /* NSButton+Extensions.swift */,
				6B0605C42788627D00A8A91E /* NSMenu+Extensions.swift */,
				6B94DF4B278968F500BCB149 /* NSTableView+Extensions.swift */,
				6B3A75F7278F44F500F25578 /* NSView+Extensions.swift */,
				6B36624527CFB339008E1CA5 /* NSImage+Extensions.swift */,
			);
			name = AppKit;
			sourceTree = "<group>";
		};
		6B571B4627E74C31008E1534 /* Fixtures */ = {
			isa = PBXGroup;
			children = (
				6B571B4727E74C31008E1534 /* ModelTests.dnl */,
			);
			path = Fixtures;
			sourceTree = "<group>";
		};
		6B816BE427E7186D00EED863 /* ModelTests */ = {
			isa = PBXGroup;
			children = (
				6B816BE827E71A1A00EED863 /* ModelTestCase.swift */,
				6B816BEC27E71A6700EED863 /* PodcastModelTests.swift */,
				6B571B4927E7597A008E1534 /* EpisodeModelTests.swift */,
				6B571B4627E74C31008E1534 /* Fixtures */,
			);
			path = ModelTests;
			sourceTree = "<group>";
		};
		6BA06BCE27F07F9E006F9390 /* Supporting Files */ = {
			isa = PBXGroup;
			children = (
				832BB7511F95184700988AE8 /* Doughnut-Bridging-Header.h */,
				838257D61F759F6F00DB4FD1 /* Info.plist */,
				838257D71F759F6F00DB4FD1 /* Doughnut-Debug.entitlements */,
				6B730B732767A90900FB5F84 /* Doughnut-Release.entitlements */,
			);
			name = "Supporting Files";
			sourceTree = "<group>";
		};
		6BB11F9A27A292A3009CBAF8 /* CrashReport */ = {
			isa = PBXGroup;
			children = (
				6BA21C5B279D7A1100CD3672 /* CrashReporter.swift */,
				6BB11F9B27A29B6E009CBAF8 /* CrashReportWindowController.swift */,
				6BA21C56279D74D400CD3672 /* CrashReportViewController.swift */,
				6BA21C58279D74DC00CD3672 /* CrashReport.storyboard */,
			);
			path = CrashReport;
			sourceTree = "<group>";
		};
		6BC6396227A68E0C00535897 /* CoreMedia */ = {
			isa = PBXGroup;
			children = (
				6BC6396327A68E2100535897 /* CMTime+Extensions.swift */,
			);
			name = CoreMedia;
			sourceTree = "<group>";
		};
		6F37DC96B4D6909BC9F7B09C /* Pods */ = {
			isa = PBXGroup;
			children = (
				5E1DC050EEE121FD033C44DF /* Pods-Doughnut.debug.xcconfig */,
				BA7A57F62DAF0A2C3DA2C7AF /* Pods-Doughnut.release.xcconfig */,
				BB240160D5A85A2E90992A2D /* Pods-DoughnutTests.debug.xcconfig */,
				F9F9819E5AC05F35AC9BF7E6 /* Pods-DoughnutTests.release.xcconfig */,
				368B5540FC7D1B6258BCF776 /* Pods-DoughnutUITests.debug.xcconfig */,
				BEF72BD12131100ABCE132D0 /* Pods-DoughnutUITests.release.xcconfig */,
				F42DD5B957A39D2CA878BEA8 /* Pods-Doughnut.test.xcconfig */,
				F3B8FFE666B9868F9A10D249 /* Pods-DoughnutTests.test.xcconfig */,
				E8FE469000F310C792708BC9 /* Pods-DoughnutUITests.test.xcconfig */,
			);
			name = Pods;
			sourceTree = "<group>";
		};
		830B15991F7B97250086C121 /* Views */ = {
			isa = PBXGroup;
			children = (
				830B159A1F7B97910086C121 /* PodcastCellView.swift */,
				837068121F7BBD63007FE973 /* EpisodeCellView.swift */,
				83D9710B1F812E910091822A /* PlayerView.swift */,
				8379899A1F81616C00234577 /* SeekSlider.swift */,
				834CC1B21F950ABA00A98DE9 /* DetailWebView.swift */,
				839DBDA61FEEEA81007610EF /* BackgroundView.swift */,
				6B9C30BA27B5708300D462BE /* BaseTableView.swift */,
				834998B51FF3E3F00035EF87 /* TaskManagerView.swift */,
				830E99BC1FF50DD000B728BE /* ActivityIndicator.swift */,
				8389709B20069D720094795D /* SortingMenuProvider.swift */,
				6B96F45C27CE6F10001941BA /* PodcastSearchField.swift */,
			);
			path = Views;
			sourceTree = "<group>";
		};
		831EBAD427CC0DA500F212B4 /* Player */ = {
			isa = PBXGroup;
			children = (
				83D971091F812B270091822A /* Player.swift */,
				6BC6395E27A6800500535897 /* Player+RemoteCommandCenter.swift */,
				6BC6396027A687E400535897 /* Player+NowPlayingInfoCenter.swift */,
			);
			path = Player;
			sourceTree = "<group>";
		};
		83235BF5200945D900BC356F /* Preference */ = {
			isa = PBXGroup;
			children = (
				83235BF6200945D900BC356F /* Preference.swift */,
				83235BF7200945D900BC356F /* Preferences.storyboard */,
				83235BF8200945D900BC356F /* PrefGeneralViewController.swift */,
				83235BF9200945D900BC356F /* PrefLibraryViewController.swift */,
				83235BFA200945D900BC356F /* PrefPlaybackViewController.swift */,
			);
			path = Preference;
			sourceTree = "<group>";
		};
		83235C0A200947F200BC356F /* Resources */ = {
			isa = PBXGroup;
			children = (
				6B9E154627C9EA5F00C919D5 /* AppIcon_Big_Sur.icns */,
				831EBAD927CC11E700F212B4 /* Credits.rtf */,
				6BA06BCB27F07F8D006F9390 /* dsa_pub.pem */,
				6B23829A28029A410015FFBD /* detail.css */,
				6BADDDCB28367809006D763D /* detail.js */,
			);
			path = Resources;
			sourceTree = "<group>";
		};
		83504DD41FFC376800375BA0 /* Tasks */ = {
			isa = PBXGroup;
			children = (
				83504DD51FFC377700375BA0 /* EpisodeDownloadTask.swift */,
			);
			path = Tasks;
			sourceTree = "<group>";
		};
		83667DEE1F76D1F300F1ABC0 /* View Controllers */ = {
			isa = PBXGroup;
			children = (
				838257CF1F759F6F00DB4FD1 /* ViewController.swift */,
				83667DEF1F76D20C00F1ABC0 /* PodcastViewController.swift */,
				83667DF11F76D21900F1ABC0 /* EpisodeViewController.swift */,
				83667DF31F76D22600F1ABC0 /* DetailViewController.swift */,
				834342691F802C1400913C0B /* EpisodeFilterViewController.swift */,
				837D52BD1F8E622200C17514 /* TasksViewController.swift */,
				83DB16E01F93FB460062B266 /* SubscribeViewController.swift */,
			);
			path = "View Controllers";
			sourceTree = "<group>";
		};
		838257C11F759F6F00DB4FD1 = {
			isa = PBXGroup;
			children = (
				6B3ACC982773555700CF1EF1 /* .swiftlint.yml */,
				838257CC1F759F6F00DB4FD1 /* Doughnut */,
				838257DF1F759F6F00DB4FD1 /* DoughnutTests */,
				838257EA1F759F6F00DB4FD1 /* DoughnutUITests */,
				838257CB1F759F6F00DB4FD1 /* Products */,
				83FB4EB91F7BD9DF001CD842 /* Frameworks */,
				6F37DC96B4D6909BC9F7B09C /* Pods */,
			);
			sourceTree = "<group>";
		};
		838257CB1F759F6F00DB4FD1 /* Products */ = {
			isa = PBXGroup;
			children = (
				838257CA1F759F6F00DB4FD1 /* Doughnut.app */,
				838257DC1F759F6F00DB4FD1 /* DoughnutTests.xctest */,
				838257E71F759F6F00DB4FD1 /* DoughnutUITests.xctest */,
			);
			name = Products;
			sourceTree = "<group>";
		};
		838257CC1F759F6F00DB4FD1 /* Doughnut */ = {
			isa = PBXGroup;
			children = (
				83FB4EB61F7BD996001CD842 /* Library */,
				831EBAD427CC0DA500F212B4 /* Player */,
				83235BF5200945D900BC356F /* Preference */,
				830B15991F7B97250086C121 /* Views */,
				83667DEE1F76D1F300F1ABC0 /* View Controllers */,
				839DBDA51FEEE872007610EF /* Windows */,
				6BB11F9A27A292A3009CBAF8 /* CrashReport */,
				6B0605BF2788624B00A8A91E /* Utilities */,
				838257CD1F759F6F00DB4FD1 /* AppDelegate.swift */,
				83BA22E21F994EA6006BF58A /* DoughnutApp.swift */,
				6B0233BC27B2CA6500500E28 /* ControlMenuProvider.swift */,
				832A04331F76EBDC00C92D25 /* WindowController.swift */,
				6BA21C4E279D690700CD3672 /* WindowController+Toolbar.swift */,
				838257D11F759F6F00DB4FD1 /* Assets.xcassets */,
				838257D31F759F6F00DB4FD1 /* Main.storyboard */,
				6BB5771C278602B400DFF99F /* MainMenu.storyboard */,
				83235C0A200947F200BC356F /* Resources */,
				6BA06BCE27F07F9E006F9390 /* Supporting Files */,
			);
			path = Doughnut;
			sourceTree = "<group>";
		};
		838257DF1F759F6F00DB4FD1 /* DoughnutTests */ = {
			isa = PBXGroup;
			children = (
				6B816BE427E7186D00EED863 /* ModelTests */,
				83D4CA541F7C36CC002EDC36 /* LibraryTests */,
				6B816BEA27E71A2700EED863 /* DoughnutTestCase.swift */,
				838257E21F759F6F00DB4FD1 /* Info.plist */,
			);
			path = DoughnutTests;
			sourceTree = "<group>";
		};
		838257EA1F759F6F00DB4FD1 /* DoughnutUITests */ = {
			isa = PBXGroup;
			children = (
				838257EB1F759F6F00DB4FD1 /* DoughnutUITests.swift */,
				838257ED1F759F6F00DB4FD1 /* Info.plist */,
				830A34021FF0447D00C13B1D /* PodcastUITests.swift */,
			);
			path = DoughnutUITests;
			sourceTree = "<group>";
		};
		839DBDA51FEEE872007610EF /* Windows */ = {
			isa = PBXGroup;
			children = (
				839DBDA31FEEE658007610EF /* ShowPodcastWindow.swift */,
				6BF126D22780742600D840A4 /* PodcastInfo.storyboard */,
				839A32801FF9831B002D2023 /* ShowEpisodeWindow.swift */,
				6BF126D02780727100D840A4 /* EpisodeInfo.storyboard */,
			);
			path = Windows;
			sourceTree = "<group>";
		};
		83D4CA541F7C36CC002EDC36 /* LibraryTests */ = {
			isa = PBXGroup;
			children = (
				83D4CA5C1F7C3902002EDC36 /* LibraryTestCase.swift */,
				83D4CA551F7C36DE002EDC36 /* LibraryTestsWithoutSubscriptions.swift */,
				8335F3AE1F90B5F700722DBC /* LibrarySpyDelegate.swift */,
				8335F3B01F90B63F00722DBC /* LibraryTestsWithSubscription.swift */,
				83DB16DD1F93F1CE0062B266 /* LibraryUtils.swift */,
				83D4CA571F7C3728002EDC36 /* Fixtures */,
			);
			path = LibraryTests;
			sourceTree = "<group>";
		};
		83D4CA571F7C3728002EDC36 /* Fixtures */ = {
			isa = PBXGroup;
			children = (
				83D4CA5B1F7C3848002EDC36 /* enclosure.mp3 */,
				83D4CA581F7C3763002EDC36 /* image.jpg */,
				83D4CA591F7C3779002EDC36 /* ValidFeed.xml */,
				8335D48B1F856E120060D8D8 /* ValidFeedx3.xml */,
			);
			path = Fixtures;
			sourceTree = "<group>";
		};
		83FB4EB61F7BD996001CD842 /* Library */ = {
			isa = PBXGroup;
			children = (
				83504DD41FFC376800375BA0 /* Tasks */,
				83FB4EB71F7BD9A1001CD842 /* Library.swift */,
				8341B83A1F7BEB0500B50A5D /* Migrations.swift */,
				83659AB71F7D8A0300E09833 /* Podcast.swift */,
				83D59CF61F7ED15C00F25A66 /* Episode.swift */,
				83DB16DB1F93E34B0062B266 /* Utils.swift */,
				834CC1AF1F95076F00A98DE9 /* MarkupGenerator.swift */,
				83E95A5D1FFBCA3C00C6AABF /* Storage.swift */,
				83A0D4821FFC2FA400A376FD /* TaskQueue.swift */,
			);
			path = Library;
			sourceTree = "<group>";
		};
		83FB4EB91F7BD9DF001CD842 /* Frameworks */ = {
			isa = PBXGroup;
			children = (
				83FB4EBA1F7BD9DF001CD842 /* FeedKit.framework */,
				2661E19A57B17099FC4ECCDD /* Pods_Doughnut.framework */,
				25D4796441E8F7922FCDAF9A /* Pods_DoughnutUITests.framework */,
				6BE29F62CFF7B122D5C39998 /* Pods_DoughnutTests.framework */,
			);
			name = Frameworks;
			sourceTree = "<group>";
		};
/* End PBXGroup section */

/* Begin PBXNativeTarget section */
		838257C91F759F6F00DB4FD1 /* Doughnut */ = {
			isa = PBXNativeTarget;
			buildConfigurationList = 838257F01F759F6F00DB4FD1 /* Build configuration list for PBXNativeTarget "Doughnut" */;
			buildPhases = (
				5D28D79F73E4F029E1F5DBB6 /* [CP] Check Pods Manifest.lock */,
				838257C61F759F6F00DB4FD1 /* Sources */,
				838257C71F759F6F00DB4FD1 /* Frameworks */,
				83D454AE200BFDD50078CA3D /* Bump Bundle Version For Release Builds */,
				838257C81F759F6F00DB4FD1 /* Resources */,
				6B339CC727C9F1BD00181204 /* Remove Custom Bundle Icon */,
				4811B8B252A5287D2295B6A8 /* [CP] Embed Pods Frameworks */,
				433D2BC19A40DB2041D544F1 /* [CP] Copy Pods Resources */,
				6B3ACC992773569D00CF1EF1 /* Run SwiftLint */,
			);
			buildRules = (
			);
			dependencies = (
			);
			name = Doughnut;
			productName = Doughnut;
			productReference = 838257CA1F759F6F00DB4FD1 /* Doughnut.app */;
			productType = "com.apple.product-type.application";
		};
		838257DB1F759F6F00DB4FD1 /* DoughnutTests */ = {
			isa = PBXNativeTarget;
			buildConfigurationList = 838257F31F759F6F00DB4FD1 /* Build configuration list for PBXNativeTarget "DoughnutTests" */;
			buildPhases = (
				6F9C7ADA61728CAC04952B62 /* [CP] Check Pods Manifest.lock */,
				838257D81F759F6F00DB4FD1 /* Sources */,
				838257D91F759F6F00DB4FD1 /* Frameworks */,
				838257DA1F759F6F00DB4FD1 /* Resources */,
			);
			buildRules = (
			);
			dependencies = (
				838257DE1F759F6F00DB4FD1 /* PBXTargetDependency */,
			);
			name = DoughnutTests;
			productName = DoughnutTests;
			productReference = 838257DC1F759F6F00DB4FD1 /* DoughnutTests.xctest */;
			productType = "com.apple.product-type.bundle.unit-test";
		};
		838257E61F759F6F00DB4FD1 /* DoughnutUITests */ = {
			isa = PBXNativeTarget;
			buildConfigurationList = 838257F61F759F6F00DB4FD1 /* Build configuration list for PBXNativeTarget "DoughnutUITests" */;
			buildPhases = (
				A3819D0A54A45BF19A833E00 /* [CP] Check Pods Manifest.lock */,
				838257E31F759F6F00DB4FD1 /* Sources */,
				838257E41F759F6F00DB4FD1 /* Frameworks */,
				838257E51F759F6F00DB4FD1 /* Resources */,
			);
			buildRules = (
			);
			dependencies = (
				838257E91F759F6F00DB4FD1 /* PBXTargetDependency */,
			);
			name = DoughnutUITests;
			productName = DoughnutUITests;
			productReference = 838257E71F759F6F00DB4FD1 /* DoughnutUITests.xctest */;
			productType = "com.apple.product-type.bundle.ui-testing";
		};
/* End PBXNativeTarget section */

/* Begin PBXProject section */
		838257C21F759F6F00DB4FD1 /* Project object */ = {
			isa = PBXProject;
			attributes = {
				KnownAssetTags = (
					Resources,
				);
				LastSwiftUpdateCheck = 0900;
				LastUpgradeCheck = 1320;
				ORGANIZATIONNAME = "Chris Dyer";
				TargetAttributes = {
					838257C91F759F6F00DB4FD1 = {
						CreatedOnToolsVersion = 9.0;
						LastSwiftMigration = 1310;
						ProvisioningStyle = Automatic;
						SystemCapabilities = {
							com.apple.HardenedRuntime = {
								enabled = 1;
							};
							com.apple.Sandbox = {
								enabled = 0;
							};
						};
					};
					838257DB1F759F6F00DB4FD1 = {
						CreatedOnToolsVersion = 9.0;
						LastSwiftMigration = 1310;
						ProvisioningStyle = Automatic;
						TestTargetID = 838257C91F759F6F00DB4FD1;
					};
					838257E61F759F6F00DB4FD1 = {
						CreatedOnToolsVersion = 9.0;
						LastSwiftMigration = 1310;
						ProvisioningStyle = Automatic;
						TestTargetID = 838257C91F759F6F00DB4FD1;
					};
				};
			};
			buildConfigurationList = 838257C51F759F6F00DB4FD1 /* Build configuration list for PBXProject "Doughnut" */;
			compatibilityVersion = "Xcode 8.0";
			developmentRegion = en;
			hasScannedForEncodings = 0;
			knownRegions = (
				en,
				Base,
			);
			mainGroup = 838257C11F759F6F00DB4FD1;
			productRefGroup = 838257CB1F759F6F00DB4FD1 /* Products */;
			projectDirPath = "";
			projectRoot = "";
			targets = (
				838257C91F759F6F00DB4FD1 /* Doughnut */,
				838257DB1F759F6F00DB4FD1 /* DoughnutTests */,
				838257E61F759F6F00DB4FD1 /* DoughnutUITests */,
			);
		};
/* End PBXProject section */

/* Begin PBXResourcesBuildPhase section */
		838257C81F759F6F00DB4FD1 /* Resources */ = {
			isa = PBXResourcesBuildPhase;
			buildActionMask = 2147483647;
			files = (
				838257D21F759F6F00DB4FD1 /* Assets.xcassets in Resources */,
				6BB5771E278602B400DFF99F /* MainMenu.storyboard in Resources */,
				6BA21C59279D74DC00CD3672 /* CrashReport.storyboard in Resources */,
				6BF126D12780727100D840A4 /* EpisodeInfo.storyboard in Resources */,
				831EBADA27CC120000F212B4 /* Credits.rtf in Resources */,
				6BA06BCC27F07F8D006F9390 /* dsa_pub.pem in Resources */,
				6B9E154727C9EA5F00C919D5 /* AppIcon_Big_Sur.icns in Resources */,
				6BF0902F283684B20035F99C /* detail.js in Resources */,
				838257D51F759F6F00DB4FD1 /* Main.storyboard in Resources */,
				83235C0D2009502D00BC356F /* Preferences.storyboard in Resources */,
				6B23829B28029A410015FFBD /* detail.css in Resources */,
				6BF126D32780742600D840A4 /* PodcastInfo.storyboard in Resources */,
			);
			runOnlyForDeploymentPostprocessing = 0;
		};
		838257DA1F759F6F00DB4FD1 /* Resources */ = {
			isa = PBXResourcesBuildPhase;
			buildActionMask = 2147483647;
			files = (
				83D4CA5A1F7C3779002EDC36 /* ValidFeed.xml in Resources */,
				8335D48D1F8571150060D8D8 /* enclosure.mp3 in Resources */,
				6B571B4827E74C31008E1534 /* ModelTests.dnl in Resources */,
				8335D48C1F856E120060D8D8 /* ValidFeedx3.xml in Resources */,
			);
			runOnlyForDeploymentPostprocessing = 0;
		};
		838257E51F759F6F00DB4FD1 /* Resources */ = {
			isa = PBXResourcesBuildPhase;
			buildActionMask = 2147483647;
			files = (
			);
			runOnlyForDeploymentPostprocessing = 0;
		};
/* End PBXResourcesBuildPhase section */

/* Begin PBXShellScriptBuildPhase section */
		433D2BC19A40DB2041D544F1 /* [CP] Copy Pods Resources */ = {
			isa = PBXShellScriptBuildPhase;
			buildActionMask = 2147483647;
			files = (
			);
			inputPaths = (
				"${PODS_ROOT}/Target Support Files/Pods-Doughnut/Pods-Doughnut-resources.sh",
				"${PODS_CONFIGURATION_BUILD_DIR}/MASPreferences/MASPreferences.bundle",
			);
			name = "[CP] Copy Pods Resources";
			outputPaths = (
				"${TARGET_BUILD_DIR}/${UNLOCALIZED_RESOURCES_FOLDER_PATH}/MASPreferences.bundle",
			);
			runOnlyForDeploymentPostprocessing = 0;
			shellPath = /bin/sh;
			shellScript = "\"${PODS_ROOT}/Target Support Files/Pods-Doughnut/Pods-Doughnut-resources.sh\"\n";
			showEnvVarsInLog = 0;
		};
		4811B8B252A5287D2295B6A8 /* [CP] Embed Pods Frameworks */ = {
			isa = PBXShellScriptBuildPhase;
			buildActionMask = 2147483647;
			files = (
			);
			inputPaths = (
				"${PODS_ROOT}/Target Support Files/Pods-Doughnut/Pods-Doughnut-frameworks.sh",
				"${PODS_ROOT}/Sparkle/Sparkle.framework",
			);
			name = "[CP] Embed Pods Frameworks";
			outputPaths = (
				"${TARGET_BUILD_DIR}/${FRAMEWORKS_FOLDER_PATH}/Sparkle.framework",
			);
			runOnlyForDeploymentPostprocessing = 0;
			shellPath = /bin/sh;
			shellScript = "\"${PODS_ROOT}/Target Support Files/Pods-Doughnut/Pods-Doughnut-frameworks.sh\"\n";
			showEnvVarsInLog = 0;
		};
		5D28D79F73E4F029E1F5DBB6 /* [CP] Check Pods Manifest.lock */ = {
			isa = PBXShellScriptBuildPhase;
			buildActionMask = 2147483647;
			files = (
			);
			inputPaths = (
				"${PODS_PODFILE_DIR_PATH}/Podfile.lock",
				"${PODS_ROOT}/Manifest.lock",
			);
			name = "[CP] Check Pods Manifest.lock";
			outputPaths = (
				"$(DERIVED_FILE_DIR)/Pods-Doughnut-checkManifestLockResult.txt",
			);
			runOnlyForDeploymentPostprocessing = 0;
			shellPath = /bin/sh;
			shellScript = "diff \"${PODS_PODFILE_DIR_PATH}/Podfile.lock\" \"${PODS_ROOT}/Manifest.lock\" > /dev/null\nif [ $? != 0 ] ; then\n    # print error to STDERR\n    echo \"error: The sandbox is not in sync with the Podfile.lock. Run 'pod install' or update your CocoaPods installation.\" >&2\n    exit 1\nfi\n# This output is used by Xcode 'outputs' to avoid re-running this script phase.\necho \"SUCCESS\" > \"${SCRIPT_OUTPUT_FILE_0}\"\n";
			showEnvVarsInLog = 0;
		};
		6B339CC727C9F1BD00181204 /* Remove Custom Bundle Icon */ = {
			isa = PBXShellScriptBuildPhase;
			buildActionMask = 2147483647;
			files = (
			);
			inputFileListPaths = (
			);
			inputPaths = (
			);
			name = "Remove Custom Bundle Icon";
			outputFileListPaths = (
			);
			outputPaths = (
			);
			runOnlyForDeploymentPostprocessing = 0;
			shellPath = /bin/sh;
			shellScript = "set -x\n\nPRODUCT_PATH=${TARGET_BUILD_DIR}/${FULL_PRODUCT_NAME}\n\nxattr -d 'com.apple.FinderInfo' \"${PRODUCT_PATH}\"\nfind \"${PRODUCT_PATH}\" -maxdepth 1 -type f -name 'Icon?' -print -delete\n";
		};
		6B3ACC992773569D00CF1EF1 /* Run SwiftLint */ = {
			isa = PBXShellScriptBuildPhase;
			buildActionMask = 2147483647;
			files = (
			);
			inputFileListPaths = (
			);
			inputPaths = (
			);
			name = "Run SwiftLint";
			outputFileListPaths = (
			);
			outputPaths = (
			);
			runOnlyForDeploymentPostprocessing = 0;
			shellPath = /bin/sh;
			shellScript = "export PATH=\"$PATH:/opt/homebrew/bin\"\n\nif which swiftlint >/dev/null; then\nswiftlint\nelse\necho \"warning: SwiftLint not installed, download from https://github.com/realm/SwiftLint\"\nfi\n";
		};
		6F9C7ADA61728CAC04952B62 /* [CP] Check Pods Manifest.lock */ = {
			isa = PBXShellScriptBuildPhase;
			buildActionMask = 2147483647;
			files = (
			);
			inputPaths = (
				"${PODS_PODFILE_DIR_PATH}/Podfile.lock",
				"${PODS_ROOT}/Manifest.lock",
			);
			name = "[CP] Check Pods Manifest.lock";
			outputPaths = (
				"$(DERIVED_FILE_DIR)/Pods-DoughnutTests-checkManifestLockResult.txt",
			);
			runOnlyForDeploymentPostprocessing = 0;
			shellPath = /bin/sh;
			shellScript = "diff \"${PODS_PODFILE_DIR_PATH}/Podfile.lock\" \"${PODS_ROOT}/Manifest.lock\" > /dev/null\nif [ $? != 0 ] ; then\n    # print error to STDERR\n    echo \"error: The sandbox is not in sync with the Podfile.lock. Run 'pod install' or update your CocoaPods installation.\" >&2\n    exit 1\nfi\n# This output is used by Xcode 'outputs' to avoid re-running this script phase.\necho \"SUCCESS\" > \"${SCRIPT_OUTPUT_FILE_0}\"\n";
			showEnvVarsInLog = 0;
		};
		83D454AE200BFDD50078CA3D /* Bump Bundle Version For Release Builds */ = {
			isa = PBXShellScriptBuildPhase;
			buildActionMask = 2147483647;
			files = (
			);
			inputPaths = (
			);
			name = "Bump Bundle Version For Release Builds";
			outputPaths = (
			);
			runOnlyForDeploymentPostprocessing = 0;
			shellPath = /bin/sh;
			shellScript = "if [ \"${CONFIGURATION}\" = \"Release\" ]; then\n  buildNumber=$(date +%s)\n  /usr/libexec/PlistBuddy -c \"Set :CFBundleVersion $buildNumber\" \"${PROJECT_DIR}/${INFOPLIST_FILE}\"\nfi\n\n";
		};
		A3819D0A54A45BF19A833E00 /* [CP] Check Pods Manifest.lock */ = {
			isa = PBXShellScriptBuildPhase;
			buildActionMask = 2147483647;
			files = (
			);
			inputPaths = (
				"${PODS_PODFILE_DIR_PATH}/Podfile.lock",
				"${PODS_ROOT}/Manifest.lock",
			);
			name = "[CP] Check Pods Manifest.lock";
			outputPaths = (
				"$(DERIVED_FILE_DIR)/Pods-DoughnutUITests-checkManifestLockResult.txt",
			);
			runOnlyForDeploymentPostprocessing = 0;
			shellPath = /bin/sh;
			shellScript = "diff \"${PODS_PODFILE_DIR_PATH}/Podfile.lock\" \"${PODS_ROOT}/Manifest.lock\" > /dev/null\nif [ $? != 0 ] ; then\n    # print error to STDERR\n    echo \"error: The sandbox is not in sync with the Podfile.lock. Run 'pod install' or update your CocoaPods installation.\" >&2\n    exit 1\nfi\n# This output is used by Xcode 'outputs' to avoid re-running this script phase.\necho \"SUCCESS\" > \"${SCRIPT_OUTPUT_FILE_0}\"\n";
			showEnvVarsInLog = 0;
		};
/* End PBXShellScriptBuildPhase section */

/* Begin PBXSourcesBuildPhase section */
		838257C61F759F6F00DB4FD1 /* Sources */ = {
			isa = PBXSourcesBuildPhase;
			buildActionMask = 2147483647;
			files = (
				6BEB75D3280281FA00097BA6 /* NSAppearance+Extensions.swift in Sources */,
				8343426A1F802C1400913C0B /* EpisodeFilterViewController.swift in Sources */,
				6B193AA427A286B800DB1379 /* ModalSheetSegue.swift in Sources */,
				839A32811FF9831B002D2023 /* ShowEpisodeWindow.swift in Sources */,
				8389709C20069D720094795D /* SortingMenuProvider.swift in Sources */,
				6BA21C5C279D7A1100CD3672 /* CrashReporter.swift in Sources */,
				83E95A5E1FFBCA3C00C6AABF /* Storage.swift in Sources */,
				8341B83B1F7BEB0500B50A5D /* Migrations.swift in Sources */,
				6B9C30BB27B5708300D462BE /* BaseTableView.swift in Sources */,
				83A0D4831FFC2FA400A376FD /* TaskQueue.swift in Sources */,
				83667DF01F76D20C00F1ABC0 /* PodcastViewController.swift in Sources */,
				6BC6395F27A6800500535897 /* Player+RemoteCommandCenter.swift in Sources */,
				83D9710C1F812E910091822A /* PlayerView.swift in Sources */,
				83235C042009473200BC356F /* PrefLibraryViewController.swift in Sources */,
				6B5B39A327A448BF00234D82 /* NSButton+Extensions.swift in Sources */,
				6B0605C52788627D00A8A91E /* NSMenu+Extensions.swift in Sources */,
				6BA21C4F279D690700CD3672 /* WindowController+Toolbar.swift in Sources */,
				839DBDA41FEEE658007610EF /* ShowPodcastWindow.swift in Sources */,
				6B0233BD27B2CA6500500E28 /* ControlMenuProvider.swift in Sources */,
				83D9710A1F812B270091822A /* Player.swift in Sources */,
				6BA21C57279D74D400CD3672 /* CrashReportViewController.swift in Sources */,
				83DB16E11F93FB460062B266 /* SubscribeViewController.swift in Sources */,
				83504DD61FFC377700375BA0 /* EpisodeDownloadTask.swift in Sources */,
				83BA22E31F994EA6006BF58A /* DoughnutApp.swift in Sources */,
				832A04341F76EBDC00C92D25 /* WindowController.swift in Sources */,
				6B94DF4C278968F500BCB149 /* NSTableView+Extensions.swift in Sources */,
				6BB11F9C27A29B6E009CBAF8 /* CrashReportWindowController.swift in Sources */,
				830B159B1F7B97910086C121 /* PodcastCellView.swift in Sources */,
				83235C072009473500BC356F /* PrefPlaybackViewController.swift in Sources */,
				830E99BD1FF50DD000B728BE /* ActivityIndicator.swift in Sources */,
				6B3A75F8278F44F500F25578 /* NSView+Extensions.swift in Sources */,
				839DBDA71FEEEA81007610EF /* BackgroundView.swift in Sources */,
				838257D01F759F6F00DB4FD1 /* ViewController.swift in Sources */,
				83659AB81F7D8A0300E09833 /* Podcast.swift in Sources */,
				837D52BE1F8E622200C17514 /* TasksViewController.swift in Sources */,
				8379899B1F81616C00234577 /* SeekSlider.swift in Sources */,
				6B36624627CFB339008E1CA5 /* NSImage+Extensions.swift in Sources */,
				837068131F7BBD63007FE973 /* EpisodeCellView.swift in Sources */,
				83667DF41F76D22600F1ABC0 /* DetailViewController.swift in Sources */,
				6BC6396427A68E2100535897 /* CMTime+Extensions.swift in Sources */,
				83D59CF71F7ED15C00F25A66 /* Episode.swift in Sources */,
				834998B61FF3E3F00035EF87 /* TaskManagerView.swift in Sources */,
				834CC1B31F950ABA00A98DE9 /* DetailWebView.swift in Sources */,
				83DB16DC1F93E34B0062B266 /* Utils.swift in Sources */,
				6BC6396127A687E400535897 /* Player+NowPlayingInfoCenter.swift in Sources */,
				83667DF21F76D21900F1ABC0 /* EpisodeViewController.swift in Sources */,
				834CC1B01F95076F00A98DE9 /* MarkupGenerator.swift in Sources */,
				838257CE1F759F6F00DB4FD1 /* AppDelegate.swift in Sources */,
				83235C012009472F00BC356F /* PrefGeneralViewController.swift in Sources */,
				83235BFE2009472900BC356F /* Preference.swift in Sources */,
				83FB4EB81F7BD9A1001CD842 /* Library.swift in Sources */,
				6B96F45D27CE6F10001941BA /* PodcastSearchField.swift in Sources */,
			);
			runOnlyForDeploymentPostprocessing = 0;
		};
		838257D81F759F6F00DB4FD1 /* Sources */ = {
			isa = PBXSourcesBuildPhase;
			buildActionMask = 2147483647;
			files = (
				6B816BED27E71A6700EED863 /* PodcastModelTests.swift in Sources */,
				83DB16DE1F93F1CE0062B266 /* LibraryUtils.swift in Sources */,
				8335F3B11F90B63F00722DBC /* LibraryTestsWithSubscription.swift in Sources */,
				8335F3AF1F90B5F700722DBC /* LibrarySpyDelegate.swift in Sources */,
				83D4CA5D1F7C3902002EDC36 /* LibraryTestCase.swift in Sources */,
				6B571B4A27E7597A008E1534 /* EpisodeModelTests.swift in Sources */,
				83D4CA561F7C36DE002EDC36 /* LibraryTestsWithoutSubscriptions.swift in Sources */,
				6B816BE927E71A1A00EED863 /* ModelTestCase.swift in Sources */,
				6B816BEB27E71A2700EED863 /* DoughnutTestCase.swift in Sources */,
			);
			runOnlyForDeploymentPostprocessing = 0;
		};
		838257E31F759F6F00DB4FD1 /* Sources */ = {
			isa = PBXSourcesBuildPhase;
			buildActionMask = 2147483647;
			files = (
				838257EC1F759F6F00DB4FD1 /* DoughnutUITests.swift in Sources */,
				830A34031FF0447D00C13B1D /* PodcastUITests.swift in Sources */,
			);
			runOnlyForDeploymentPostprocessing = 0;
		};
/* End PBXSourcesBuildPhase section */

/* Begin PBXTargetDependency section */
		838257DE1F759F6F00DB4FD1 /* PBXTargetDependency */ = {
			isa = PBXTargetDependency;
			target = 838257C91F759F6F00DB4FD1 /* Doughnut */;
			targetProxy = 838257DD1F759F6F00DB4FD1 /* PBXContainerItemProxy */;
		};
		838257E91F759F6F00DB4FD1 /* PBXTargetDependency */ = {
			isa = PBXTargetDependency;
			target = 838257C91F759F6F00DB4FD1 /* Doughnut */;
			targetProxy = 838257E81F759F6F00DB4FD1 /* PBXContainerItemProxy */;
		};
/* End PBXTargetDependency section */

/* Begin PBXVariantGroup section */
		6BB5771C278602B400DFF99F /* MainMenu.storyboard */ = {
			isa = PBXVariantGroup;
			children = (
				6BB5771D278602B400DFF99F /* Base */,
			);
			name = MainMenu.storyboard;
			sourceTree = "<group>";
		};
		838257D31F759F6F00DB4FD1 /* Main.storyboard */ = {
			isa = PBXVariantGroup;
			children = (
				838257D41F759F6F00DB4FD1 /* Base */,
			);
			name = Main.storyboard;
			sourceTree = "<group>";
		};
/* End PBXVariantGroup section */

/* Begin XCBuildConfiguration section */
		830E12E51F7E43F500B35FD0 /* Test */ = {
			isa = XCBuildConfiguration;
			buildSettings = {
				ALWAYS_SEARCH_USER_PATHS = NO;
				CLANG_ANALYZER_NONNULL = YES;
				CLANG_ANALYZER_NUMBER_OBJECT_CONVERSION = YES_AGGRESSIVE;
				CLANG_CXX_LANGUAGE_STANDARD = "gnu++14";
				CLANG_CXX_LIBRARY = "libc++";
				CLANG_ENABLE_MODULES = YES;
				CLANG_ENABLE_OBJC_ARC = YES;
				CLANG_WARN_BLOCK_CAPTURE_AUTORELEASING = YES;
				CLANG_WARN_BOOL_CONVERSION = YES;
				CLANG_WARN_COMMA = YES;
				CLANG_WARN_CONSTANT_CONVERSION = YES;
				CLANG_WARN_DEPRECATED_OBJC_IMPLEMENTATIONS = YES;
				CLANG_WARN_DIRECT_OBJC_ISA_USAGE = YES_ERROR;
				CLANG_WARN_DOCUMENTATION_COMMENTS = YES;
				CLANG_WARN_EMPTY_BODY = YES;
				CLANG_WARN_ENUM_CONVERSION = YES;
				CLANG_WARN_INFINITE_RECURSION = YES;
				CLANG_WARN_INT_CONVERSION = YES;
				CLANG_WARN_NON_LITERAL_NULL_CONVERSION = YES;
				CLANG_WARN_OBJC_IMPLICIT_RETAIN_SELF = YES;
				CLANG_WARN_OBJC_LITERAL_CONVERSION = YES;
				CLANG_WARN_OBJC_ROOT_CLASS = YES_ERROR;
				CLANG_WARN_QUOTED_INCLUDE_IN_FRAMEWORK_HEADER = YES;
				CLANG_WARN_RANGE_LOOP_ANALYSIS = YES;
				CLANG_WARN_STRICT_PROTOTYPES = YES;
				CLANG_WARN_SUSPICIOUS_MOVE = YES;
				CLANG_WARN_UNGUARDED_AVAILABILITY = YES_AGGRESSIVE;
				CLANG_WARN_UNREACHABLE_CODE = YES;
				CLANG_WARN__DUPLICATE_METHOD_MATCH = YES;
				CODE_SIGN_IDENTITY = "-";
				COPY_PHASE_STRIP = NO;
				DEBUG_INFORMATION_FORMAT = dwarf;
				ENABLE_STRICT_OBJC_MSGSEND = YES;
				ENABLE_TESTABILITY = YES;
				GCC_C_LANGUAGE_STANDARD = gnu11;
				GCC_DYNAMIC_NO_PIC = NO;
				GCC_NO_COMMON_BLOCKS = YES;
				GCC_OPTIMIZATION_LEVEL = 0;
				GCC_PREPROCESSOR_DEFINITIONS = (
					"DEBUG=1",
					"$(inherited)",
				);
				GCC_WARN_64_TO_32_BIT_CONVERSION = YES;
				GCC_WARN_ABOUT_RETURN_TYPE = YES_ERROR;
				GCC_WARN_UNDECLARED_SELECTOR = YES;
				GCC_WARN_UNINITIALIZED_AUTOS = YES_AGGRESSIVE;
				GCC_WARN_UNUSED_FUNCTION = YES;
				GCC_WARN_UNUSED_VARIABLE = YES;
				MACOSX_DEPLOYMENT_TARGET = 10.15;
				MTL_ENABLE_DEBUG_INFO = YES;
				ONLY_ACTIVE_ARCH = YES;
				SDKROOT = macosx;
				SWIFT_ACTIVE_COMPILATION_CONDITIONS = DEBUG;
				SWIFT_OPTIMIZATION_LEVEL = "-Onone";
			};
			name = Test;
		};
		830E12E61F7E43F500B35FD0 /* Test */ = {
			isa = XCBuildConfiguration;
			baseConfigurationReference = F42DD5B957A39D2CA878BEA8 /* Pods-Doughnut.test.xcconfig */;
			buildSettings = {
				ASSETCATALOG_COMPILER_APPICON_NAME = AppIcon;
				ASSETCATALOG_COMPILER_GLOBAL_ACCENT_COLOR_NAME = AccentColor;
				CODE_SIGN_ENTITLEMENTS = "Doughnut/Doughnut-Debug.entitlements";
				CODE_SIGN_IDENTITY = "-";
				COMBINE_HIDPI_IMAGES = YES;
				CURRENT_PROJECT_VERSION = 1653422958;
				ENABLE_HARDENED_RUNTIME = YES;
				FRAMEWORK_SEARCH_PATHS = "$(inherited)";
				GCC_PREPROCESSOR_DEFINITIONS = (
					"$(inherited)",
					"COCOAPODS=1",
					"TEST=1",
				);
				INFOPLIST_FILE = Doughnut/Info.plist;
				LD_RUNPATH_SEARCH_PATHS = "$(inherited) @executable_path/../Frameworks";
				MACOSX_DEPLOYMENT_TARGET = 10.15;
				MARKETING_VERSION = "2.0.0-rc.1";
				OTHER_CODE_SIGN_FLAGS = "--deep";
				OTHER_SWIFT_FLAGS = "$(inherited) \"-D\" \"COCOAPODS\" -DTEST";
				PRODUCT_BUNDLE_IDENTIFIER = com.cdyer.doughnut;
				PRODUCT_NAME = "$(TARGET_NAME)";
				SWIFT_OBJC_BRIDGING_HEADER = "Doughnut/Doughnut-Bridging-Header.h";
				SWIFT_VERSION = 5.0;
			};
			name = Test;
		};
		830E12E71F7E43F500B35FD0 /* Test */ = {
			isa = XCBuildConfiguration;
			baseConfigurationReference = F3B8FFE666B9868F9A10D249 /* Pods-DoughnutTests.test.xcconfig */;
			buildSettings = {
				ALWAYS_EMBED_SWIFT_STANDARD_LIBRARIES = YES;
				BUNDLE_LOADER = "$(TEST_HOST)";
				COMBINE_HIDPI_IMAGES = YES;
				GCC_PREPROCESSOR_DEFINITIONS = (
					"$(inherited)",
					"COCOAPODS=1",
					"TEST=1",
				);
				INFOPLIST_FILE = DoughnutTests/Info.plist;
				LD_RUNPATH_SEARCH_PATHS = "$(inherited) @executable_path/../Frameworks @loader_path/../Frameworks";
				OTHER_SWIFT_FLAGS = "-DTEST";
				PRODUCT_BUNDLE_IDENTIFIER = cdyer.DoughnutTests;
				PRODUCT_NAME = "$(TARGET_NAME)";
				SWIFT_VERSION = 5.0;
				TEST_HOST = "$(BUILT_PRODUCTS_DIR)/Doughnut.app/Contents/MacOS/Doughnut";
			};
			name = Test;
		};
		830E12E81F7E43F500B35FD0 /* Test */ = {
			isa = XCBuildConfiguration;
			baseConfigurationReference = E8FE469000F310C792708BC9 /* Pods-DoughnutUITests.test.xcconfig */;
			buildSettings = {
				ALWAYS_EMBED_SWIFT_STANDARD_LIBRARIES = YES;
				COMBINE_HIDPI_IMAGES = YES;
				GCC_PREPROCESSOR_DEFINITIONS = (
					"$(inherited)",
					"COCOAPODS=1",
					"TEST=1",
				);
				INFOPLIST_FILE = DoughnutUITests/Info.plist;
				LD_RUNPATH_SEARCH_PATHS = "$(inherited) @executable_path/../Frameworks @loader_path/../Frameworks";
				PRODUCT_BUNDLE_IDENTIFIER = cdyer.DoughnutUITests;
				PRODUCT_NAME = "$(TARGET_NAME)";
				SWIFT_VERSION = 5.0;
				TEST_TARGET_NAME = Doughnut;
			};
			name = Test;
		};
		838257EE1F759F6F00DB4FD1 /* Debug */ = {
			isa = XCBuildConfiguration;
			buildSettings = {
				ALWAYS_SEARCH_USER_PATHS = NO;
				CLANG_ANALYZER_NONNULL = YES;
				CLANG_ANALYZER_NUMBER_OBJECT_CONVERSION = YES_AGGRESSIVE;
				CLANG_CXX_LANGUAGE_STANDARD = "gnu++14";
				CLANG_CXX_LIBRARY = "libc++";
				CLANG_ENABLE_MODULES = YES;
				CLANG_ENABLE_OBJC_ARC = YES;
				CLANG_WARN_BLOCK_CAPTURE_AUTORELEASING = YES;
				CLANG_WARN_BOOL_CONVERSION = YES;
				CLANG_WARN_COMMA = YES;
				CLANG_WARN_CONSTANT_CONVERSION = YES;
				CLANG_WARN_DEPRECATED_OBJC_IMPLEMENTATIONS = YES;
				CLANG_WARN_DIRECT_OBJC_ISA_USAGE = YES_ERROR;
				CLANG_WARN_DOCUMENTATION_COMMENTS = YES;
				CLANG_WARN_EMPTY_BODY = YES;
				CLANG_WARN_ENUM_CONVERSION = YES;
				CLANG_WARN_INFINITE_RECURSION = YES;
				CLANG_WARN_INT_CONVERSION = YES;
				CLANG_WARN_NON_LITERAL_NULL_CONVERSION = YES;
				CLANG_WARN_OBJC_IMPLICIT_RETAIN_SELF = YES;
				CLANG_WARN_OBJC_LITERAL_CONVERSION = YES;
				CLANG_WARN_OBJC_ROOT_CLASS = YES_ERROR;
				CLANG_WARN_QUOTED_INCLUDE_IN_FRAMEWORK_HEADER = YES;
				CLANG_WARN_RANGE_LOOP_ANALYSIS = YES;
				CLANG_WARN_STRICT_PROTOTYPES = YES;
				CLANG_WARN_SUSPICIOUS_MOVE = YES;
				CLANG_WARN_UNGUARDED_AVAILABILITY = YES_AGGRESSIVE;
				CLANG_WARN_UNREACHABLE_CODE = YES;
				CLANG_WARN__DUPLICATE_METHOD_MATCH = YES;
				CODE_SIGN_IDENTITY = "-";
				COPY_PHASE_STRIP = NO;
				DEBUG_INFORMATION_FORMAT = dwarf;
				ENABLE_STRICT_OBJC_MSGSEND = YES;
				ENABLE_TESTABILITY = YES;
				GCC_C_LANGUAGE_STANDARD = gnu11;
				GCC_DYNAMIC_NO_PIC = NO;
				GCC_NO_COMMON_BLOCKS = YES;
				GCC_OPTIMIZATION_LEVEL = 0;
				GCC_PREPROCESSOR_DEFINITIONS = (
					"DEBUG=1",
					"$(inherited)",
				);
				GCC_WARN_64_TO_32_BIT_CONVERSION = YES;
				GCC_WARN_ABOUT_RETURN_TYPE = YES_ERROR;
				GCC_WARN_UNDECLARED_SELECTOR = YES;
				GCC_WARN_UNINITIALIZED_AUTOS = YES_AGGRESSIVE;
				GCC_WARN_UNUSED_FUNCTION = YES;
				GCC_WARN_UNUSED_VARIABLE = YES;
				MACOSX_DEPLOYMENT_TARGET = 10.15;
				MTL_ENABLE_DEBUG_INFO = YES;
				ONLY_ACTIVE_ARCH = YES;
				SDKROOT = macosx;
				SWIFT_ACTIVE_COMPILATION_CONDITIONS = DEBUG;
				SWIFT_OPTIMIZATION_LEVEL = "-Onone";
			};
			name = Debug;
		};
		838257EF1F759F6F00DB4FD1 /* Release */ = {
			isa = XCBuildConfiguration;
			buildSettings = {
				ALWAYS_SEARCH_USER_PATHS = NO;
				CLANG_ANALYZER_NONNULL = YES;
				CLANG_ANALYZER_NUMBER_OBJECT_CONVERSION = YES_AGGRESSIVE;
				CLANG_CXX_LANGUAGE_STANDARD = "gnu++14";
				CLANG_CXX_LIBRARY = "libc++";
				CLANG_ENABLE_MODULES = YES;
				CLANG_ENABLE_OBJC_ARC = YES;
				CLANG_WARN_BLOCK_CAPTURE_AUTORELEASING = YES;
				CLANG_WARN_BOOL_CONVERSION = YES;
				CLANG_WARN_COMMA = YES;
				CLANG_WARN_CONSTANT_CONVERSION = YES;
				CLANG_WARN_DEPRECATED_OBJC_IMPLEMENTATIONS = YES;
				CLANG_WARN_DIRECT_OBJC_ISA_USAGE = YES_ERROR;
				CLANG_WARN_DOCUMENTATION_COMMENTS = YES;
				CLANG_WARN_EMPTY_BODY = YES;
				CLANG_WARN_ENUM_CONVERSION = YES;
				CLANG_WARN_INFINITE_RECURSION = YES;
				CLANG_WARN_INT_CONVERSION = YES;
				CLANG_WARN_NON_LITERAL_NULL_CONVERSION = YES;
				CLANG_WARN_OBJC_IMPLICIT_RETAIN_SELF = YES;
				CLANG_WARN_OBJC_LITERAL_CONVERSION = YES;
				CLANG_WARN_OBJC_ROOT_CLASS = YES_ERROR;
				CLANG_WARN_QUOTED_INCLUDE_IN_FRAMEWORK_HEADER = YES;
				CLANG_WARN_RANGE_LOOP_ANALYSIS = YES;
				CLANG_WARN_STRICT_PROTOTYPES = YES;
				CLANG_WARN_SUSPICIOUS_MOVE = YES;
				CLANG_WARN_UNGUARDED_AVAILABILITY = YES_AGGRESSIVE;
				CLANG_WARN_UNREACHABLE_CODE = YES;
				CLANG_WARN__DUPLICATE_METHOD_MATCH = YES;
				CODE_SIGN_IDENTITY = "Mac Developer";
				COPY_PHASE_STRIP = NO;
				DEBUG_INFORMATION_FORMAT = "dwarf-with-dsym";
				DEVELOPMENT_TEAM = Y8C2QHZQ3Q;
				ENABLE_NS_ASSERTIONS = NO;
				ENABLE_STRICT_OBJC_MSGSEND = YES;
				GCC_C_LANGUAGE_STANDARD = gnu11;
				GCC_NO_COMMON_BLOCKS = YES;
				GCC_WARN_64_TO_32_BIT_CONVERSION = YES;
				GCC_WARN_ABOUT_RETURN_TYPE = YES_ERROR;
				GCC_WARN_UNDECLARED_SELECTOR = YES;
				GCC_WARN_UNINITIALIZED_AUTOS = YES_AGGRESSIVE;
				GCC_WARN_UNUSED_FUNCTION = YES;
				GCC_WARN_UNUSED_VARIABLE = YES;
				MACOSX_DEPLOYMENT_TARGET = 10.15;
				MTL_ENABLE_DEBUG_INFO = NO;
				SDKROOT = macosx;
				SWIFT_OPTIMIZATION_LEVEL = "-Owholemodule";
			};
			name = Release;
		};
		838257F11F759F6F00DB4FD1 /* Debug */ = {
			isa = XCBuildConfiguration;
			baseConfigurationReference = 5E1DC050EEE121FD033C44DF /* Pods-Doughnut.debug.xcconfig */;
			buildSettings = {
				ASSETCATALOG_COMPILER_APPICON_NAME = AppIcon;
				ASSETCATALOG_COMPILER_GLOBAL_ACCENT_COLOR_NAME = AccentColor;
				CODE_SIGN_ENTITLEMENTS = "Doughnut/Doughnut-Debug.entitlements";
				CODE_SIGN_IDENTITY = "-";
				COMBINE_HIDPI_IMAGES = YES;
				CURRENT_PROJECT_VERSION = 1653422958;
				ENABLE_HARDENED_RUNTIME = YES;
				FRAMEWORK_SEARCH_PATHS = "$(inherited)";
				INFOPLIST_FILE = Doughnut/Info.plist;
				LD_RUNPATH_SEARCH_PATHS = "$(inherited) @executable_path/../Frameworks";
				MACOSX_DEPLOYMENT_TARGET = 10.15;
				MARKETING_VERSION = "2.0.0-rc.1";
				OTHER_CODE_SIGN_FLAGS = "--deep";
				PRODUCT_BUNDLE_IDENTIFIER = com.cdyer.doughnut;
				PRODUCT_NAME = "$(TARGET_NAME)";
				SWIFT_OBJC_BRIDGING_HEADER = "Doughnut/Doughnut-Bridging-Header.h";
				SWIFT_VERSION = 5.0;
			};
			name = Debug;
		};
		838257F21F759F6F00DB4FD1 /* Release */ = {
			isa = XCBuildConfiguration;
			baseConfigurationReference = BA7A57F62DAF0A2C3DA2C7AF /* Pods-Doughnut.release.xcconfig */;
			buildSettings = {
				ASSETCATALOG_COMPILER_APPICON_NAME = AppIcon;
				ASSETCATALOG_COMPILER_GLOBAL_ACCENT_COLOR_NAME = AccentColor;
				CODE_SIGN_ENTITLEMENTS = "Doughnut/Doughnut-Release.entitlements";
				CODE_SIGN_IDENTITY = "-";
				COMBINE_HIDPI_IMAGES = YES;
				CURRENT_PROJECT_VERSION = 1653422958;
				ENABLE_HARDENED_RUNTIME = YES;
				FRAMEWORK_SEARCH_PATHS = "$(inherited)";
				INFOPLIST_FILE = Doughnut/Info.plist;
				LD_RUNPATH_SEARCH_PATHS = "$(inherited) @executable_path/../Frameworks";
				MACOSX_DEPLOYMENT_TARGET = 10.15;
				MARKETING_VERSION = "2.0.0-rc.1";
				OTHER_CODE_SIGN_FLAGS = "--deep";
				PRODUCT_BUNDLE_IDENTIFIER = com.cdyer.doughnut;
				PRODUCT_NAME = "$(TARGET_NAME)";
				SWIFT_OBJC_BRIDGING_HEADER = "Doughnut/Doughnut-Bridging-Header.h";
				SWIFT_VERSION = 5.0;
			};
			name = Release;
		};
		838257F41F759F6F00DB4FD1 /* Debug */ = {
			isa = XCBuildConfiguration;
			baseConfigurationReference = BB240160D5A85A2E90992A2D /* Pods-DoughnutTests.debug.xcconfig */;
			buildSettings = {
				ALWAYS_EMBED_SWIFT_STANDARD_LIBRARIES = YES;
				BUNDLE_LOADER = "$(TEST_HOST)";
				COMBINE_HIDPI_IMAGES = YES;
				GCC_PREPROCESSOR_DEFINITIONS = (
					"$(inherited)",
					"COCOAPODS=1",
				);
				INFOPLIST_FILE = DoughnutTests/Info.plist;
				LD_RUNPATH_SEARCH_PATHS = "$(inherited) @executable_path/../Frameworks @loader_path/../Frameworks";
				PRODUCT_BUNDLE_IDENTIFIER = cdyer.DoughnutTests;
				PRODUCT_NAME = "$(TARGET_NAME)";
				SWIFT_VERSION = 5.0;
				TEST_HOST = "$(BUILT_PRODUCTS_DIR)/Doughnut.app/Contents/MacOS/Doughnut";
			};
			name = Debug;
		};
		838257F51F759F6F00DB4FD1 /* Release */ = {
			isa = XCBuildConfiguration;
			baseConfigurationReference = F9F9819E5AC05F35AC9BF7E6 /* Pods-DoughnutTests.release.xcconfig */;
			buildSettings = {
				ALWAYS_EMBED_SWIFT_STANDARD_LIBRARIES = YES;
				BUNDLE_LOADER = "$(TEST_HOST)";
				COMBINE_HIDPI_IMAGES = YES;
				INFOPLIST_FILE = DoughnutTests/Info.plist;
				LD_RUNPATH_SEARCH_PATHS = "$(inherited) @executable_path/../Frameworks @loader_path/../Frameworks";
				PRODUCT_BUNDLE_IDENTIFIER = cdyer.DoughnutTests;
				PRODUCT_NAME = "$(TARGET_NAME)";
				SWIFT_VERSION = 5.0;
				TEST_HOST = "$(BUILT_PRODUCTS_DIR)/Doughnut.app/Contents/MacOS/Doughnut";
			};
			name = Release;
		};
		838257F71F759F6F00DB4FD1 /* Debug */ = {
			isa = XCBuildConfiguration;
			baseConfigurationReference = 368B5540FC7D1B6258BCF776 /* Pods-DoughnutUITests.debug.xcconfig */;
			buildSettings = {
				ALWAYS_EMBED_SWIFT_STANDARD_LIBRARIES = YES;
				COMBINE_HIDPI_IMAGES = YES;
				GCC_PREPROCESSOR_DEFINITIONS = (
					"$(inherited)",
					"COCOAPODS=1",
				);
				INFOPLIST_FILE = DoughnutUITests/Info.plist;
				LD_RUNPATH_SEARCH_PATHS = "$(inherited) @executable_path/../Frameworks @loader_path/../Frameworks";
				PRODUCT_BUNDLE_IDENTIFIER = cdyer.DoughnutUITests;
				PRODUCT_NAME = "$(TARGET_NAME)";
				SWIFT_VERSION = 5.0;
				TEST_TARGET_NAME = Doughnut;
			};
			name = Debug;
		};
		838257F81F759F6F00DB4FD1 /* Release */ = {
			isa = XCBuildConfiguration;
			baseConfigurationReference = BEF72BD12131100ABCE132D0 /* Pods-DoughnutUITests.release.xcconfig */;
			buildSettings = {
				ALWAYS_EMBED_SWIFT_STANDARD_LIBRARIES = YES;
				COMBINE_HIDPI_IMAGES = YES;
				INFOPLIST_FILE = DoughnutUITests/Info.plist;
				LD_RUNPATH_SEARCH_PATHS = "$(inherited) @executable_path/../Frameworks @loader_path/../Frameworks";
				PRODUCT_BUNDLE_IDENTIFIER = cdyer.DoughnutUITests;
				PRODUCT_NAME = "$(TARGET_NAME)";
				SWIFT_VERSION = 5.0;
				TEST_TARGET_NAME = Doughnut;
			};
			name = Release;
		};
/* End XCBuildConfiguration section */

/* Begin XCConfigurationList section */
		838257C51F759F6F00DB4FD1 /* Build configuration list for PBXProject "Doughnut" */ = {
			isa = XCConfigurationList;
			buildConfigurations = (
				838257EE1F759F6F00DB4FD1 /* Debug */,
				830E12E51F7E43F500B35FD0 /* Test */,
				838257EF1F759F6F00DB4FD1 /* Release */,
			);
			defaultConfigurationIsVisible = 0;
			defaultConfigurationName = Release;
		};
		838257F01F759F6F00DB4FD1 /* Build configuration list for PBXNativeTarget "Doughnut" */ = {
			isa = XCConfigurationList;
			buildConfigurations = (
				838257F11F759F6F00DB4FD1 /* Debug */,
				830E12E61F7E43F500B35FD0 /* Test */,
				838257F21F759F6F00DB4FD1 /* Release */,
			);
			defaultConfigurationIsVisible = 0;
			defaultConfigurationName = Release;
		};
		838257F31F759F6F00DB4FD1 /* Build configuration list for PBXNativeTarget "DoughnutTests" */ = {
			isa = XCConfigurationList;
			buildConfigurations = (
				838257F41F759F6F00DB4FD1 /* Debug */,
				830E12E71F7E43F500B35FD0 /* Test */,
				838257F51F759F6F00DB4FD1 /* Release */,
			);
			defaultConfigurationIsVisible = 0;
			defaultConfigurationName = Release;
		};
		838257F61F759F6F00DB4FD1 /* Build configuration list for PBXNativeTarget "DoughnutUITests" */ = {
			isa = XCConfigurationList;
			buildConfigurations = (
				838257F71F759F6F00DB4FD1 /* Debug */,
				830E12E81F7E43F500B35FD0 /* Test */,
				838257F81F759F6F00DB4FD1 /* Release */,
			);
			defaultConfigurationIsVisible = 0;
			defaultConfigurationName = Release;
		};
/* End XCConfigurationList section */
	};
	rootObject = 838257C21F759F6F00DB4FD1 /* Project object */;
}
